
Microsoft Visual Studio Solution File, Format Version 12.00
# Visual Studio Version 16
VisualStudioVersion = 16.0.30128.74
MinimumVisualStudioVersion = 10.0.40219.1
Project("{9A19103F-16F7-4668-BE54-9A1E7A4F7556}") = "Fluint.Layer", "Fluint.Layer\Fluint.Layer.csproj", "{F1C06963-E944-4823-B939-2D6F4854DB6E}"
EndProject
Project("{9A19103F-16F7-4668-BE54-9A1E7A4F7556}") = "Fluint.Avalonia", "Fluint.Avalonia\Fluint.Avalonia.csproj", "{B91C26DF-20E9-4FDE-9403-33F070DF72E9}"
	ProjectSection(ProjectDependencies) = postProject
		{6F43CE40-292C-453C-9A9E-7FFEB7D8B969} = {6F43CE40-292C-453C-9A9E-7FFEB7D8B969}
		{9740214C-2C4F-4608-B31A-350F794CC763} = {9740214C-2C4F-4608-B31A-350F794CC763}
		{821A3162-8C9B-4FAE-B1E4-AC1F62468B5C} = {821A3162-8C9B-4FAE-B1E4-AC1F62468B5C}
		{673CF773-5404-4C22-B5FE-EA4B3A97B1A6} = {673CF773-5404-4C22-B5FE-EA4B3A97B1A6}
		{1A8A7F9B-6CE6-4F89-A7E4-0262D659632E} = {1A8A7F9B-6CE6-4F89-A7E4-0262D659632E}
		{1DB141C1-2F42-4406-B6A9-B480E7341A7A} = {1DB141C1-2F42-4406-B6A9-B480E7341A7A}
	EndProjectSection
EndProject
Project("{9A19103F-16F7-4668-BE54-9A1E7A4F7556}") = "Fluint.Implementation", "Fluint.Implementation\Fluint.Implementation.csproj", "{1A8A7F9B-6CE6-4F89-A7E4-0262D659632E}"
EndProject
Project("{9A19103F-16F7-4668-BE54-9A1E7A4F7556}") = "Fluint.Engine.GL46", "Fluint.Engine.GL46\Fluint.Engine.GL46.csproj", "{1DB141C1-2F42-4406-B6A9-B480E7341A7A}"
EndProject
Project("{9A19103F-16F7-4668-BE54-9A1E7A4F7556}") = "Fluint.Engine.D3D11", "Fluint.Engine.D3D11\Fluint.Engine.D3D11.csproj", "{673CF773-5404-4C22-B5FE-EA4B3A97B1A6}"
EndProject
Project("{2150E333-8FDC-42A3-9474-1A3956D46DE8}") = "EngineAPIs", "EngineAPIs", "{6F2AE0B1-9C7D-4B2E-ADEC-E858052CD406}"
EndProject
Project("{9A19103F-16F7-4668-BE54-9A1E7A4F7556}") = "Fluint.Engine.D3D12", "Fluint.Engine.D3D12\Fluint.Engine.D3D12.csproj", "{9740214C-2C4F-4608-B31A-350F794CC763}"
EndProject
Project("{9A19103F-16F7-4668-BE54-9A1E7A4F7556}") = "Fluint.Engine.GL33", "Fluint.Engine.GL33\Fluint.Engine.GL33.csproj", "{6F43CE40-292C-453C-9A9E-7FFEB7D8B969}"
EndProject
Project("{9A19103F-16F7-4668-BE54-9A1E7A4F7556}") = "Fluint.Engine.VK", "Fluint.Engine.VK\Fluint.Engine.VK.csproj", "{821A3162-8C9B-4FAE-B1E4-AC1F62468B5C}"
EndProject
Project("{9A19103F-16F7-4668-BE54-9A1E7A4F7556}") = "Fluint.EngineTester", "Fluint.EngineTester\Fluint.EngineTester.csproj", "{6FAB4023-D289-41C0-9A09-A896E03BFED3}"
EndProject
Project("{9A19103F-16F7-4668-BE54-9A1E7A4F7556}") = "Fluint.SDK", "Fluint.SDK\Fluint.SDK.csproj", "{18EF63A7-098C-4C71-9A00-4487223708AD}"
	ProjectSection(ProjectDependencies) = postProject
		{1A8A7F9B-6CE6-4F89-A7E4-0262D659632E} = {1A8A7F9B-6CE6-4F89-A7E4-0262D659632E}
	EndProjectSection
EndProject
Global
	GlobalSection(SolutionConfigurationPlatforms) = preSolution
		Debug With Modules Setup|Any CPU = Debug With Modules Setup|Any CPU
		Debug With Modules Setup|x64 = Debug With Modules Setup|x64
		Debug With Modules Setup|x86 = Debug With Modules Setup|x86
		Debug|Any CPU = Debug|Any CPU
		Debug|x64 = Debug|x64
		Debug|x86 = Debug|x86
		Release|Any CPU = Release|Any CPU
		Release|x64 = Release|x64
		Release|x86 = Release|x86
	EndGlobalSection
	GlobalSection(ProjectConfigurationPlatforms) = postSolution
		{F1C06963-E944-4823-B939-2D6F4854DB6E}.Debug With Modules Setup|Any CPU.ActiveCfg = Debug With Modules Setup|Any CPU
		{F1C06963-E944-4823-B939-2D6F4854DB6E}.Debug With Modules Setup|Any CPU.Build.0 = Debug With Modules Setup|Any CPU
		{F1C06963-E944-4823-B939-2D6F4854DB6E}.Debug With Modules Setup|x64.ActiveCfg = Debug With Modules Setup|x64
		{F1C06963-E944-4823-B939-2D6F4854DB6E}.Debug With Modules Setup|x64.Build.0 = Debug With Modules Setup|x64
		{F1C06963-E944-4823-B939-2D6F4854DB6E}.Debug With Modules Setup|x86.ActiveCfg = Debug With Modules Setup|x86
		{F1C06963-E944-4823-B939-2D6F4854DB6E}.Debug With Modules Setup|x86.Build.0 = Debug With Modules Setup|x86
		{F1C06963-E944-4823-B939-2D6F4854DB6E}.Debug|Any CPU.ActiveCfg = Debug|Any CPU
		{F1C06963-E944-4823-B939-2D6F4854DB6E}.Debug|Any CPU.Build.0 = Debug|Any CPU
		{F1C06963-E944-4823-B939-2D6F4854DB6E}.Debug|x64.ActiveCfg = Debug|x64
		{F1C06963-E944-4823-B939-2D6F4854DB6E}.Debug|x64.Build.0 = Debug|x64
		{F1C06963-E944-4823-B939-2D6F4854DB6E}.Debug|x86.ActiveCfg = Debug|x86
		{F1C06963-E944-4823-B939-2D6F4854DB6E}.Debug|x86.Build.0 = Debug|x86
		{F1C06963-E944-4823-B939-2D6F4854DB6E}.Release|Any CPU.ActiveCfg = Release|Any CPU
		{F1C06963-E944-4823-B939-2D6F4854DB6E}.Release|Any CPU.Build.0 = Release|Any CPU
		{F1C06963-E944-4823-B939-2D6F4854DB6E}.Release|x64.ActiveCfg = Release|x64
		{F1C06963-E944-4823-B939-2D6F4854DB6E}.Release|x64.Build.0 = Release|x64
		{F1C06963-E944-4823-B939-2D6F4854DB6E}.Release|x86.ActiveCfg = Release|x86
		{F1C06963-E944-4823-B939-2D6F4854DB6E}.Release|x86.Build.0 = Release|x86
		{B91C26DF-20E9-4FDE-9403-33F070DF72E9}.Debug With Modules Setup|Any CPU.ActiveCfg = Debug With Modules Setup|Any CPU
		{B91C26DF-20E9-4FDE-9403-33F070DF72E9}.Debug With Modules Setup|Any CPU.Build.0 = Debug With Modules Setup|Any CPU
		{B91C26DF-20E9-4FDE-9403-33F070DF72E9}.Debug With Modules Setup|x64.ActiveCfg = Debug With Modules Setup|x64
		{B91C26DF-20E9-4FDE-9403-33F070DF72E9}.Debug With Modules Setup|x64.Build.0 = Debug With Modules Setup|x64
		{B91C26DF-20E9-4FDE-9403-33F070DF72E9}.Debug With Modules Setup|x86.ActiveCfg = Debug With Modules Setup|x86
		{B91C26DF-20E9-4FDE-9403-33F070DF72E9}.Debug With Modules Setup|x86.Build.0 = Debug With Modules Setup|x86
		{B91C26DF-20E9-4FDE-9403-33F070DF72E9}.Debug|Any CPU.ActiveCfg = Debug|Any CPU
		{B91C26DF-20E9-4FDE-9403-33F070DF72E9}.Debug|Any CPU.Build.0 = Debug|Any CPU
		{B91C26DF-20E9-4FDE-9403-33F070DF72E9}.Debug|x64.ActiveCfg = Debug|x64
		{B91C26DF-20E9-4FDE-9403-33F070DF72E9}.Debug|x64.Build.0 = Debug|x64
		{B91C26DF-20E9-4FDE-9403-33F070DF72E9}.Debug|x86.ActiveCfg = Debug|x86
		{B91C26DF-20E9-4FDE-9403-33F070DF72E9}.Debug|x86.Build.0 = Debug|x86
		{B91C26DF-20E9-4FDE-9403-33F070DF72E9}.Release|Any CPU.ActiveCfg = Release|Any CPU
		{B91C26DF-20E9-4FDE-9403-33F070DF72E9}.Release|Any CPU.Build.0 = Release|Any CPU
		{B91C26DF-20E9-4FDE-9403-33F070DF72E9}.Release|x64.ActiveCfg = Release|x64
		{B91C26DF-20E9-4FDE-9403-33F070DF72E9}.Release|x64.Build.0 = Release|x64
		{B91C26DF-20E9-4FDE-9403-33F070DF72E9}.Release|x86.ActiveCfg = Release|x86
		{B91C26DF-20E9-4FDE-9403-33F070DF72E9}.Release|x86.Build.0 = Release|x86
		{1A8A7F9B-6CE6-4F89-A7E4-0262D659632E}.Debug With Modules Setup|Any CPU.ActiveCfg = Debug With Modules Setup|Any CPU
		{1A8A7F9B-6CE6-4F89-A7E4-0262D659632E}.Debug With Modules Setup|Any CPU.Build.0 = Debug With Modules Setup|Any CPU
		{1A8A7F9B-6CE6-4F89-A7E4-0262D659632E}.Debug With Modules Setup|x64.ActiveCfg = Debug With Modules Setup|x64
		{1A8A7F9B-6CE6-4F89-A7E4-0262D659632E}.Debug With Modules Setup|x64.Build.0 = Debug With Modules Setup|x64
		{1A8A7F9B-6CE6-4F89-A7E4-0262D659632E}.Debug With Modules Setup|x86.ActiveCfg = Debug With Modules Setup|x86
		{1A8A7F9B-6CE6-4F89-A7E4-0262D659632E}.Debug With Modules Setup|x86.Build.0 = Debug With Modules Setup|x86
		{1A8A7F9B-6CE6-4F89-A7E4-0262D659632E}.Debug|Any CPU.ActiveCfg = Debug|Any CPU
		{1A8A7F9B-6CE6-4F89-A7E4-0262D659632E}.Debug|Any CPU.Build.0 = Debug|Any CPU
		{1A8A7F9B-6CE6-4F89-A7E4-0262D659632E}.Debug|x64.ActiveCfg = Debug|x64
		{1A8A7F9B-6CE6-4F89-A7E4-0262D659632E}.Debug|x64.Build.0 = Debug|x64
		{1A8A7F9B-6CE6-4F89-A7E4-0262D659632E}.Debug|x86.ActiveCfg = Debug|x86
		{1A8A7F9B-6CE6-4F89-A7E4-0262D659632E}.Debug|x86.Build.0 = Debug|x86
		{1A8A7F9B-6CE6-4F89-A7E4-0262D659632E}.Release|Any CPU.ActiveCfg = Release|Any CPU
		{1A8A7F9B-6CE6-4F89-A7E4-0262D659632E}.Release|Any CPU.Build.0 = Release|Any CPU
		{1A8A7F9B-6CE6-4F89-A7E4-0262D659632E}.Release|x64.ActiveCfg = Release|x64
		{1A8A7F9B-6CE6-4F89-A7E4-0262D659632E}.Release|x64.Build.0 = Release|x64
		{1A8A7F9B-6CE6-4F89-A7E4-0262D659632E}.Release|x86.ActiveCfg = Release|x86
		{1A8A7F9B-6CE6-4F89-A7E4-0262D659632E}.Release|x86.Build.0 = Release|x86
		{1DB141C1-2F42-4406-B6A9-B480E7341A7A}.Debug With Modules Setup|Any CPU.ActiveCfg = Debug With Modules Setup|Any CPU
		{1DB141C1-2F42-4406-B6A9-B480E7341A7A}.Debug With Modules Setup|Any CPU.Build.0 = Debug With Modules Setup|Any CPU
		{1DB141C1-2F42-4406-B6A9-B480E7341A7A}.Debug With Modules Setup|x64.ActiveCfg = Debug With Modules Setup|x64
		{1DB141C1-2F42-4406-B6A9-B480E7341A7A}.Debug With Modules Setup|x64.Build.0 = Debug With Modules Setup|x64
		{1DB141C1-2F42-4406-B6A9-B480E7341A7A}.Debug With Modules Setup|x86.ActiveCfg = Debug With Modules Setup|x86
		{1DB141C1-2F42-4406-B6A9-B480E7341A7A}.Debug With Modules Setup|x86.Build.0 = Debug With Modules Setup|x86
		{1DB141C1-2F42-4406-B6A9-B480E7341A7A}.Debug|Any CPU.ActiveCfg = Debug|Any CPU
		{1DB141C1-2F42-4406-B6A9-B480E7341A7A}.Debug|Any CPU.Build.0 = Debug|Any CPU
		{1DB141C1-2F42-4406-B6A9-B480E7341A7A}.Debug|x64.ActiveCfg = Debug|x64
		{1DB141C1-2F42-4406-B6A9-B480E7341A7A}.Debug|x64.Build.0 = Debug|x64
		{1DB141C1-2F42-4406-B6A9-B480E7341A7A}.Debug|x86.ActiveCfg = Debug|x86
		{1DB141C1-2F42-4406-B6A9-B480E7341A7A}.Debug|x86.Build.0 = Debug|x86
		{1DB141C1-2F42-4406-B6A9-B480E7341A7A}.Release|Any CPU.ActiveCfg = Release|Any CPU
		{1DB141C1-2F42-4406-B6A9-B480E7341A7A}.Release|Any CPU.Build.0 = Release|Any CPU
		{1DB141C1-2F42-4406-B6A9-B480E7341A7A}.Release|x64.ActiveCfg = Release|x64
		{1DB141C1-2F42-4406-B6A9-B480E7341A7A}.Release|x64.Build.0 = Release|x64
		{1DB141C1-2F42-4406-B6A9-B480E7341A7A}.Release|x86.ActiveCfg = Release|x86
		{1DB141C1-2F42-4406-B6A9-B480E7341A7A}.Release|x86.Build.0 = Release|x86
		{673CF773-5404-4C22-B5FE-EA4B3A97B1A6}.Debug With Modules Setup|Any CPU.ActiveCfg = Debug With Modules Setup|Any CPU
		{673CF773-5404-4C22-B5FE-EA4B3A97B1A6}.Debug With Modules Setup|Any CPU.Build.0 = Debug With Modules Setup|Any CPU
		{673CF773-5404-4C22-B5FE-EA4B3A97B1A6}.Debug With Modules Setup|x64.ActiveCfg = Debug With Modules Setup|x64
		{673CF773-5404-4C22-B5FE-EA4B3A97B1A6}.Debug With Modules Setup|x64.Build.0 = Debug With Modules Setup|x64
		{673CF773-5404-4C22-B5FE-EA4B3A97B1A6}.Debug With Modules Setup|x86.ActiveCfg = Debug With Modules Setup|x86
		{673CF773-5404-4C22-B5FE-EA4B3A97B1A6}.Debug With Modules Setup|x86.Build.0 = Debug With Modules Setup|x86
		{673CF773-5404-4C22-B5FE-EA4B3A97B1A6}.Debug|Any CPU.ActiveCfg = Debug|Any CPU
		{673CF773-5404-4C22-B5FE-EA4B3A97B1A6}.Debug|Any CPU.Build.0 = Debug|Any CPU
		{673CF773-5404-4C22-B5FE-EA4B3A97B1A6}.Debug|x64.ActiveCfg = Debug|x64
		{673CF773-5404-4C22-B5FE-EA4B3A97B1A6}.Debug|x64.Build.0 = Debug|x64
		{673CF773-5404-4C22-B5FE-EA4B3A97B1A6}.Debug|x86.ActiveCfg = Debug|x86
		{673CF773-5404-4C22-B5FE-EA4B3A97B1A6}.Debug|x86.Build.0 = Debug|x86
		{673CF773-5404-4C22-B5FE-EA4B3A97B1A6}.Release|Any CPU.ActiveCfg = Release|Any CPU
		{673CF773-5404-4C22-B5FE-EA4B3A97B1A6}.Release|Any CPU.Build.0 = Release|Any CPU
		{673CF773-5404-4C22-B5FE-EA4B3A97B1A6}.Release|x64.ActiveCfg = Release|x64
		{673CF773-5404-4C22-B5FE-EA4B3A97B1A6}.Release|x64.Build.0 = Release|x64
		{673CF773-5404-4C22-B5FE-EA4B3A97B1A6}.Release|x86.ActiveCfg = Release|x86
		{673CF773-5404-4C22-B5FE-EA4B3A97B1A6}.Release|x86.Build.0 = Release|x86
		{9740214C-2C4F-4608-B31A-350F794CC763}.Debug With Modules Setup|Any CPU.ActiveCfg = Debug With Modules Setup|Any CPU
		{9740214C-2C4F-4608-B31A-350F794CC763}.Debug With Modules Setup|Any CPU.Build.0 = Debug With Modules Setup|Any CPU
		{9740214C-2C4F-4608-B31A-350F794CC763}.Debug With Modules Setup|x64.ActiveCfg = Debug With Modules Setup|x64
		{9740214C-2C4F-4608-B31A-350F794CC763}.Debug With Modules Setup|x64.Build.0 = Debug With Modules Setup|x64
		{9740214C-2C4F-4608-B31A-350F794CC763}.Debug With Modules Setup|x86.ActiveCfg = Debug With Modules Setup|x86
		{9740214C-2C4F-4608-B31A-350F794CC763}.Debug With Modules Setup|x86.Build.0 = Debug With Modules Setup|x86
		{9740214C-2C4F-4608-B31A-350F794CC763}.Debug|Any CPU.ActiveCfg = Debug|Any CPU
		{9740214C-2C4F-4608-B31A-350F794CC763}.Debug|Any CPU.Build.0 = Debug|Any CPU
		{9740214C-2C4F-4608-B31A-350F794CC763}.Debug|x64.ActiveCfg = Debug|x64
		{9740214C-2C4F-4608-B31A-350F794CC763}.Debug|x64.Build.0 = Debug|x64
		{9740214C-2C4F-4608-B31A-350F794CC763}.Debug|x86.ActiveCfg = Debug|x86
		{9740214C-2C4F-4608-B31A-350F794CC763}.Debug|x86.Build.0 = Debug|x86
		{9740214C-2C4F-4608-B31A-350F794CC763}.Release|Any CPU.ActiveCfg = Release|Any CPU
		{9740214C-2C4F-4608-B31A-350F794CC763}.Release|Any CPU.Build.0 = Release|Any CPU
		{9740214C-2C4F-4608-B31A-350F794CC763}.Release|x64.ActiveCfg = Release|x64
		{9740214C-2C4F-4608-B31A-350F794CC763}.Release|x64.Build.0 = Release|x64
		{9740214C-2C4F-4608-B31A-350F794CC763}.Release|x86.ActiveCfg = Release|x86
		{9740214C-2C4F-4608-B31A-350F794CC763}.Release|x86.Build.0 = Release|x86
		{6F43CE40-292C-453C-9A9E-7FFEB7D8B969}.Debug With Modules Setup|Any CPU.ActiveCfg = Debug With Modules Setup|Any CPU
		{6F43CE40-292C-453C-9A9E-7FFEB7D8B969}.Debug With Modules Setup|Any CPU.Build.0 = Debug With Modules Setup|Any CPU
		{6F43CE40-292C-453C-9A9E-7FFEB7D8B969}.Debug With Modules Setup|x64.ActiveCfg = Debug With Modules Setup|x64
		{6F43CE40-292C-453C-9A9E-7FFEB7D8B969}.Debug With Modules Setup|x64.Build.0 = Debug With Modules Setup|x64
		{6F43CE40-292C-453C-9A9E-7FFEB7D8B969}.Debug With Modules Setup|x86.ActiveCfg = Debug With Modules Setup|x86
		{6F43CE40-292C-453C-9A9E-7FFEB7D8B969}.Debug With Modules Setup|x86.Build.0 = Debug With Modules Setup|x86
		{6F43CE40-292C-453C-9A9E-7FFEB7D8B969}.Debug|Any CPU.ActiveCfg = Debug|Any CPU
		{6F43CE40-292C-453C-9A9E-7FFEB7D8B969}.Debug|Any CPU.Build.0 = Debug|Any CPU
		{6F43CE40-292C-453C-9A9E-7FFEB7D8B969}.Debug|x64.ActiveCfg = Debug|x64
		{6F43CE40-292C-453C-9A9E-7FFEB7D8B969}.Debug|x64.Build.0 = Debug|x64
		{6F43CE40-292C-453C-9A9E-7FFEB7D8B969}.Debug|x86.ActiveCfg = Debug|x86
		{6F43CE40-292C-453C-9A9E-7FFEB7D8B969}.Debug|x86.Build.0 = Debug|x86
		{6F43CE40-292C-453C-9A9E-7FFEB7D8B969}.Release|Any CPU.ActiveCfg = Release|Any CPU
		{6F43CE40-292C-453C-9A9E-7FFEB7D8B969}.Release|Any CPU.Build.0 = Release|Any CPU
		{6F43CE40-292C-453C-9A9E-7FFEB7D8B969}.Release|x64.ActiveCfg = Release|x64
		{6F43CE40-292C-453C-9A9E-7FFEB7D8B969}.Release|x64.Build.0 = Release|x64
		{6F43CE40-292C-453C-9A9E-7FFEB7D8B969}.Release|x86.ActiveCfg = Release|x86
		{6F43CE40-292C-453C-9A9E-7FFEB7D8B969}.Release|x86.Build.0 = Release|x86
		{821A3162-8C9B-4FAE-B1E4-AC1F62468B5C}.Debug With Modules Setup|Any CPU.ActiveCfg = Debug With Modules Setup|Any CPU
		{821A3162-8C9B-4FAE-B1E4-AC1F62468B5C}.Debug With Modules Setup|Any CPU.Build.0 = Debug With Modules Setup|Any CPU
		{821A3162-8C9B-4FAE-B1E4-AC1F62468B5C}.Debug With Modules Setup|x64.ActiveCfg = Debug With Modules Setup|x64
		{821A3162-8C9B-4FAE-B1E4-AC1F62468B5C}.Debug With Modules Setup|x64.Build.0 = Debug With Modules Setup|x64
		{821A3162-8C9B-4FAE-B1E4-AC1F62468B5C}.Debug With Modules Setup|x86.ActiveCfg = Debug With Modules Setup|x86
		{821A3162-8C9B-4FAE-B1E4-AC1F62468B5C}.Debug With Modules Setup|x86.Build.0 = Debug With Modules Setup|x86
		{821A3162-8C9B-4FAE-B1E4-AC1F62468B5C}.Debug|Any CPU.ActiveCfg = Debug|Any CPU
		{821A3162-8C9B-4FAE-B1E4-AC1F62468B5C}.Debug|Any CPU.Build.0 = Debug|Any CPU
		{821A3162-8C9B-4FAE-B1E4-AC1F62468B5C}.Debug|x64.ActiveCfg = Debug|x64
		{821A3162-8C9B-4FAE-B1E4-AC1F62468B5C}.Debug|x64.Build.0 = Debug|x64
		{821A3162-8C9B-4FAE-B1E4-AC1F62468B5C}.Debug|x86.ActiveCfg = Debug|x86
		{821A3162-8C9B-4FAE-B1E4-AC1F62468B5C}.Debug|x86.Build.0 = Debug|x86
		{821A3162-8C9B-4FAE-B1E4-AC1F62468B5C}.Release|Any CPU.ActiveCfg = Release|Any CPU
		{821A3162-8C9B-4FAE-B1E4-AC1F62468B5C}.Release|Any CPU.Build.0 = Release|Any CPU
		{821A3162-8C9B-4FAE-B1E4-AC1F62468B5C}.Release|x64.ActiveCfg = Release|x64
		{821A3162-8C9B-4FAE-B1E4-AC1F62468B5C}.Release|x64.Build.0 = Release|x64
		{821A3162-8C9B-4FAE-B1E4-AC1F62468B5C}.Release|x86.ActiveCfg = Release|x86
		{821A3162-8C9B-4FAE-B1E4-AC1F62468B5C}.Release|x86.Build.0 = Release|x86
		{6FAB4023-D289-41C0-9A09-A896E03BFED3}.Debug With Modules Setup|Any CPU.ActiveCfg = Debug With Modules Setup|Any CPU
		{6FAB4023-D289-41C0-9A09-A896E03BFED3}.Debug With Modules Setup|Any CPU.Build.0 = Debug With Modules Setup|Any CPU
		{6FAB4023-D289-41C0-9A09-A896E03BFED3}.Debug With Modules Setup|x64.ActiveCfg = Debug With Modules Setup|x64
		{6FAB4023-D289-41C0-9A09-A896E03BFED3}.Debug With Modules Setup|x64.Build.0 = Debug With Modules Setup|x64
		{6FAB4023-D289-41C0-9A09-A896E03BFED3}.Debug With Modules Setup|x86.ActiveCfg = Debug With Modules Setup|x86
		{6FAB4023-D289-41C0-9A09-A896E03BFED3}.Debug With Modules Setup|x86.Build.0 = Debug With Modules Setup|x86
		{6FAB4023-D289-41C0-9A09-A896E03BFED3}.Debug|Any CPU.ActiveCfg = Debug|Any CPU
		{6FAB4023-D289-41C0-9A09-A896E03BFED3}.Debug|Any CPU.Build.0 = Debug|Any CPU
		{6FAB4023-D289-41C0-9A09-A896E03BFED3}.Debug|x64.ActiveCfg = Debug|x64
		{6FAB4023-D289-41C0-9A09-A896E03BFED3}.Debug|x64.Build.0 = Debug|x64
		{6FAB4023-D289-41C0-9A09-A896E03BFED3}.Debug|x86.ActiveCfg = Debug|x86
		{6FAB4023-D289-41C0-9A09-A896E03BFED3}.Debug|x86.Build.0 = Debug|x86
		{6FAB4023-D289-41C0-9A09-A896E03BFED3}.Release|Any CPU.ActiveCfg = Release|Any CPU
		{6FAB4023-D289-41C0-9A09-A896E03BFED3}.Release|Any CPU.Build.0 = Release|Any CPU
		{6FAB4023-D289-41C0-9A09-A896E03BFED3}.Release|x64.ActiveCfg = Release|x64
		{6FAB4023-D289-41C0-9A09-A896E03BFED3}.Release|x64.Build.0 = Release|x64
		{6FAB4023-D289-41C0-9A09-A896E03BFED3}.Release|x86.ActiveCfg = Release|x86
		{6FAB4023-D289-41C0-9A09-A896E03BFED3}.Release|x86.Build.0 = Release|x86
		{18EF63A7-098C-4C71-9A00-4487223708AD}.Debug With Modules Setup|Any CPU.ActiveCfg = Debug With Modules Setup|Any CPU
		{18EF63A7-098C-4C71-9A00-4487223708AD}.Debug With Modules Setup|Any CPU.Build.0 = Debug With Modules Setup|Any CPU
		{18EF63A7-098C-4C71-9A00-4487223708AD}.Debug With Modules Setup|x64.ActiveCfg = Debug With Modules Setup|x64
		{18EF63A7-098C-4C71-9A00-4487223708AD}.Debug With Modules Setup|x64.Build.0 = Debug With Modules Setup|x64
		{18EF63A7-098C-4C71-9A00-4487223708AD}.Debug With Modules Setup|x86.ActiveCfg = Debug With Modules Setup|x86
		{18EF63A7-098C-4C71-9A00-4487223708AD}.Debug With Modules Setup|x86.Build.0 = Debug With Modules Setup|x86
		{18EF63A7-098C-4C71-9A00-4487223708AD}.Debug|Any CPU.ActiveCfg = Debug|Any CPU
		{18EF63A7-098C-4C71-9A00-4487223708AD}.Debug|Any CPU.Build.0 = Debug|Any CPU
		{18EF63A7-098C-4C71-9A00-4487223708AD}.Debug|x64.ActiveCfg = Debug|x64
		{18EF63A7-098C-4C71-9A00-4487223708AD}.Debug|x64.Build.0 = Debug|x64
		{18EF63A7-098C-4C71-9A00-4487223708AD}.Debug|x86.ActiveCfg = Debug|x86
		{18EF63A7-098C-4C71-9A00-4487223708AD}.Debug|x86.Build.0 = Debug|x86
		{18EF63A7-098C-4C71-9A00-4487223708AD}.Release|Any CPU.ActiveCfg = Release|Any CPU
		{18EF63A7-098C-4C71-9A00-4487223708AD}.Release|Any CPU.Build.0 = Release|Any CPU
		{18EF63A7-098C-4C71-9A00-4487223708AD}.Release|x64.ActiveCfg = Release|x64
		{18EF63A7-098C-4C71-9A00-4487223708AD}.Release|x64.Build.0 = Release|x64
		{18EF63A7-098C-4C71-9A00-4487223708AD}.Release|x86.ActiveCfg = Release|x86
		{18EF63A7-098C-4C71-9A00-4487223708AD}.Release|x86.Build.0 = Release|x86
	EndGlobalSection
	GlobalSection(SolutionProperties) = preSolution
		HideSolutionNode = FALSE
	EndGlobalSection
	GlobalSection(NestedProjects) = preSolution
		{1DB141C1-2F42-4406-B6A9-B480E7341A7A} = {6F2AE0B1-9C7D-4B2E-ADEC-E858052CD406}
		{673CF773-5404-4C22-B5FE-EA4B3A97B1A6} = {6F2AE0B1-9C7D-4B2E-ADEC-E858052CD406}
		{9740214C-2C4F-4608-B31A-350F794CC763} = {6F2AE0B1-9C7D-4B2E-ADEC-E858052CD406}
		{6F43CE40-292C-453C-9A9E-7FFEB7D8B969} = {6F2AE0B1-9C7D-4B2E-ADEC-E858052CD406}
		{821A3162-8C9B-4FAE-B1E4-AC1F62468B5C} = {6F2AE0B1-9C7D-4B2E-ADEC-E858052CD406}
		{6FAB4023-D289-41C0-9A09-A896E03BFED3} = {6F2AE0B1-9C7D-4B2E-ADEC-E858052CD406}
	EndGlobalSection
	GlobalSection(ExtensibilityGlobals) = postSolution
		SolutionGuid = {448C7179-E7AE-4470-97E2-A32117E7168A}
	EndGlobalSection
EndGlobal
