
Microsoft Visual Studio Solution File, Format Version 12.00
# Visual Studio Version 16
VisualStudioVersion = 16.0.30128.74
MinimumVisualStudioVersion = 10.0.40219.1
Project("{9A19103F-16F7-4668-BE54-9A1E7A4F7556}") = "Fluint.Layer", "src\Fluint.Layer\Fluint.Layer.csproj", "{F1C06963-E944-4823-B939-2D6F4854DB6E}"
EndProject
Project("{9A19103F-16F7-4668-BE54-9A1E7A4F7556}") = "Fluint.Graphics.API.GL46", "src\Fluint.Graphics.API.GL46\Fluint.Graphics.API.GL46.csproj", "{1DB141C1-2F42-4406-B6A9-B480E7341A7A}"
EndProject
Project("{9A19103F-16F7-4668-BE54-9A1E7A4F7556}") = "Fluint.Graphics.API.D3D11", "src\Fluint.Graphics.API.D3D11\Fluint.Graphics.API.D3D11.csproj", "{673CF773-5404-4C22-B5FE-EA4B3A97B1A6}"
EndProject
Project("{2150E333-8FDC-42A3-9474-1A3956D46DE8}") = "GraphicsAPIs", "GraphicsAPIs", "{6F2AE0B1-9C7D-4B2E-ADEC-E858052CD406}"
EndProject
Project("{9A19103F-16F7-4668-BE54-9A1E7A4F7556}") = "Fluint.Graphics.API.D3D12", "src\Fluint.Graphics.API.D3D12\Fluint.Graphics.API.D3D12.csproj", "{9740214C-2C4F-4608-B31A-350F794CC763}"
EndProject
Project("{9A19103F-16F7-4668-BE54-9A1E7A4F7556}") = "Fluint.Graphics.API.GL33", "src\Fluint.Graphics.API.GL33\Fluint.Graphics.API.GL33.csproj", "{6F43CE40-292C-453C-9A9E-7FFEB7D8B969}"
EndProject
Project("{9A19103F-16F7-4668-BE54-9A1E7A4F7556}") = "Fluint.Graphics.API.VK", "src\Fluint.Graphics.API.VK\Fluint.Graphics.API.VK.csproj", "{821A3162-8C9B-4FAE-B1E4-AC1F62468B5C}"
EndProject
Project("{9A19103F-16F7-4668-BE54-9A1E7A4F7556}") = "Fluint.SDK", "src\Fluint.SDK\Fluint.SDK.csproj", "{18EF63A7-098C-4C71-9A00-4487223708AD}"
	ProjectSection(ProjectDependencies) = postProject
		{57CDC538-88CF-4533-BA9D-BE41E5004050} = {57CDC538-88CF-4533-BA9D-BE41E5004050}
		{C3D906E0-4CF2-4DA3-8970-0F95D0CA2A7F} = {C3D906E0-4CF2-4DA3-8970-0F95D0CA2A7F}
		{24FAC640-6218-49E2-AAD8-24AFDE4D1B23} = {24FAC640-6218-49E2-AAD8-24AFDE4D1B23}
		{D21FBAF4-40EA-48C3-844E-2A4974993304} = {D21FBAF4-40EA-48C3-844E-2A4974993304}
		{6F5C1735-69F0-476E-AF8A-F54A3C8CDECC} = {6F5C1735-69F0-476E-AF8A-F54A3C8CDECC}
		{40CCD215-8B0F-43EA-A5BE-4D0F6B5897E0} = {40CCD215-8B0F-43EA-A5BE-4D0F6B5897E0}
		{F67AC32C-A184-47BE-B2BC-DB21CEC21621} = {F67AC32C-A184-47BE-B2BC-DB21CEC21621}
		{F48FE8E9-BB03-44C5-82CF-240EA2723FCC} = {F48FE8E9-BB03-44C5-82CF-240EA2723FCC}
		{E2149212-E169-47DD-878D-9A3C67B5A3AB} = {E2149212-E169-47DD-878D-9A3C67B5A3AB}
		{49D0F24C-F8C7-4D47-B1BE-FAB890354B68} = {49D0F24C-F8C7-4D47-B1BE-FAB890354B68}
	EndProjectSection
EndProject
Project("{2150E333-8FDC-42A3-9474-1A3956D46DE8}") = "BaseImplementations", "BaseImplementations", "{AEEB9C92-8CF9-4DC4-84EC-D226FF477F64}"
EndProject
Project("{9A19103F-16F7-4668-BE54-9A1E7A4F7556}") = "Fluint.Tasks.Base", "src\Fluint.Tasks.Base\Fluint.Tasks.Base.csproj", "{49D0F24C-F8C7-4D47-B1BE-FAB890354B68}"
EndProject
Project("{9A19103F-16F7-4668-BE54-9A1E7A4F7556}") = "Fluint.Diagnostics.Base", "src\Fluint.Diagnostics.Base\Fluint.Diagnostics.Base.csproj", "{24FAC640-6218-49E2-AAD8-24AFDE4D1B23}"
EndProject
Project("{9A19103F-16F7-4668-BE54-9A1E7A4F7556}") = "Fluint.SDK.Base", "src\Fluint.SDK.Base\Fluint.SDK.Base.csproj", "{57CDC538-88CF-4533-BA9D-BE41E5004050}"
EndProject
Project("{9A19103F-16F7-4668-BE54-9A1E7A4F7556}") = "Fluint.IO.Base", "src\Fluint.IO.Base\Fluint.IO.Base.csproj", "{6F5C1735-69F0-476E-AF8A-F54A3C8CDECC}"
EndProject
Project("{9A19103F-16F7-4668-BE54-9A1E7A4F7556}") = "Fluint.Localization.Base", "src\Fluint.Localization.Base\Fluint.Localization.Base.csproj", "{F48FE8E9-BB03-44C5-82CF-240EA2723FCC}"
EndProject
Project("{9A19103F-16F7-4668-BE54-9A1E7A4F7556}") = "Fluint.Networking.Base", "src\Fluint.Networking.Base\Fluint.Networking.Base.csproj", "{40CCD215-8B0F-43EA-A5BE-4D0F6B5897E0}"
EndProject
Project("{9A19103F-16F7-4668-BE54-9A1E7A4F7556}") = "Fluint.Configuration.Base", "src\Fluint.Configuration.Base\Fluint.Configuration.Base.csproj", "{C3D906E0-4CF2-4DA3-8970-0F95D0CA2A7F}"
EndProject
Project("{9A19103F-16F7-4668-BE54-9A1E7A4F7556}") = "Fluint.Input.Base", "src\Fluint.Input.Base\Fluint.Input.Base.csproj", "{A1696D37-C974-49CA-B486-3736254443AD}"
EndProject
Project("{2150E333-8FDC-42A3-9474-1A3956D46DE8}") = "Tests", "Tests", "{6E5F9DD2-83BD-4231-B86F-FE85214E0F30}"
EndProject
Project("{6EC3EE1D-3C4E-46DD-8F32-0CC8E7565705}") = "Fluint.Layer.Tests", "tests\Fluint.Layer.Tests\Fluint.Layer.Tests.fsproj", "{44E63956-2A12-4DA5-A077-D3AF8E5A17BC}"
EndProject
Project("{2150E333-8FDC-42A3-9474-1A3956D46DE8}") = "ImplementationTests", "ImplementationTests", "{B9E73B85-FC70-491D-AE3F-75D488D92425}"
EndProject
Project("{6EC3EE1D-3C4E-46DD-8F32-0CC8E7565705}") = "Fluint.SDK.Tests", "tests\Fluint.SDK.Tests\Fluint.SDK.Tests.fsproj", "{8CFD671A-C358-4AD3-BFC6-F784247EB6A2}"
EndProject
Project("{6EC3EE1D-3C4E-46DD-8F32-0CC8E7565705}") = "Fluint.Implementation.Configuration.Tests", "tests\Fluint.Implementation.Configuration.Tests\Fluint.Implementation.Configuration.Tests.fsproj", "{C467FC0C-F898-449F-8044-2073FC48B287}"
EndProject
Project("{6EC3EE1D-3C4E-46DD-8F32-0CC8E7565705}") = "Fluint.Implementation.Diagnostics.Tests", "tests\Fluint.Implementation.Diagnostics.Tests\Fluint.Implementation.Diagnostics.Tests.fsproj", "{E096BBCF-98D0-4029-84F3-F547C879EC8F}"
EndProject
Project("{6EC3EE1D-3C4E-46DD-8F32-0CC8E7565705}") = "Fluint.Implementation.Input.Tests", "tests\Fluint.Implementation.Input.Tests\Fluint.Implementation.Input.Tests.fsproj", "{57006510-154A-4C5F-870C-2031A5F10214}"
EndProject
Project("{6EC3EE1D-3C4E-46DD-8F32-0CC8E7565705}") = "Fluint.Implementation.IO.Tests", "tests\Fluint.Implementation.IO.Tests\Fluint.Implementation.IO.Tests.fsproj", "{87DB2468-CE75-4735-AB1F-C54E3F4C2260}"
EndProject
Project("{6EC3EE1D-3C4E-46DD-8F32-0CC8E7565705}") = "Fluint.Implementation.Localization.Tests", "tests\Fluint.Implementation.Localization.Tests\Fluint.Implementation.Localization.Tests.fsproj", "{2EE0A7DB-5C00-4145-9964-160633FD8892}"
EndProject
Project("{6EC3EE1D-3C4E-46DD-8F32-0CC8E7565705}") = "Fluint.Implementation.Networking.Tests", "tests\Fluint.Implementation.Networking.Tests\Fluint.Implementation.Networking.Tests.fsproj", "{596C4274-58D8-4B25-AEC7-D3569CBD0635}"
EndProject
Project("{6EC3EE1D-3C4E-46DD-8F32-0CC8E7565705}") = "Fluint.Implementation.SDK.Tests", "tests\Fluint.Implementation.SDK.Tests\Fluint.Implementation.SDK.Tests.fsproj", "{6FBD5F47-3A85-450B-A9A1-B36065FB5C9D}"
EndProject
Project("{6EC3EE1D-3C4E-46DD-8F32-0CC8E7565705}") = "Fluint.Implementation.Tasks.Tests", "tests\Fluint.Implementation.Tasks.Tests\Fluint.Implementation.Tasks.Tests.fsproj", "{E7BA4B81-95BE-435D-A872-5C75BD9A4E9F}"
EndProject
Project("{2150E333-8FDC-42A3-9474-1A3956D46DE8}") = "FluincyServices", "FluincyServices", "{30AF5CF4-9DEC-4D16-9CA9-F26E40412BC8}"
EndProject
Project("{9A19103F-16F7-4668-BE54-9A1E7A4F7556}") = "Fluint.Fluincy", "src\Fluint.Fluincy\Fluint.Fluincy.csproj", "{B0C5FBE6-BEE7-4F67-8667-12E65F342FD3}"
EndProject
Project("{9A19103F-16F7-4668-BE54-9A1E7A4F7556}") = "Fluint.Runtime", "src\Fluint.Runtime\Fluint.Runtime.csproj", "{811F9883-02EE-4986-BAE3-73B70495C85C}"
	ProjectSection(ProjectDependencies) = postProject
		{40CCD215-8B0F-43EA-A5BE-4D0F6B5897E0} = {40CCD215-8B0F-43EA-A5BE-4D0F6B5897E0}
		{6F5C1735-69F0-476E-AF8A-F54A3C8CDECC} = {6F5C1735-69F0-476E-AF8A-F54A3C8CDECC}
		{A1696D37-C974-49CA-B486-3736254443AD} = {A1696D37-C974-49CA-B486-3736254443AD}
		{57CDC538-88CF-4533-BA9D-BE41E5004050} = {57CDC538-88CF-4533-BA9D-BE41E5004050}
		{24FAC640-6218-49E2-AAD8-24AFDE4D1B23} = {24FAC640-6218-49E2-AAD8-24AFDE4D1B23}
		{6F43CE40-292C-453C-9A9E-7FFEB7D8B969} = {6F43CE40-292C-453C-9A9E-7FFEB7D8B969}
		{9740214C-2C4F-4608-B31A-350F794CC763} = {9740214C-2C4F-4608-B31A-350F794CC763}
		{49D0F24C-F8C7-4D47-B1BE-FAB890354B68} = {49D0F24C-F8C7-4D47-B1BE-FAB890354B68}
		{821A3162-8C9B-4FAE-B1E4-AC1F62468B5C} = {821A3162-8C9B-4FAE-B1E4-AC1F62468B5C}
		{673CF773-5404-4C22-B5FE-EA4B3A97B1A6} = {673CF773-5404-4C22-B5FE-EA4B3A97B1A6}
		{18EF63A7-098C-4C71-9A00-4487223708AD} = {18EF63A7-098C-4C71-9A00-4487223708AD}
		{1DB141C1-2F42-4406-B6A9-B480E7341A7A} = {1DB141C1-2F42-4406-B6A9-B480E7341A7A}
		{8AAC67D2-59C9-40A9-801D-7B30441024C3} = {8AAC67D2-59C9-40A9-801D-7B30441024C3}
		{C3D906E0-4CF2-4DA3-8970-0F95D0CA2A7F} = {C3D906E0-4CF2-4DA3-8970-0F95D0CA2A7F}
		{B0C5FBE6-BEE7-4F67-8667-12E65F342FD3} = {B0C5FBE6-BEE7-4F67-8667-12E65F342FD3}
		{F48FE8E9-BB03-44C5-82CF-240EA2723FCC} = {F48FE8E9-BB03-44C5-82CF-240EA2723FCC}
		{26BF48ED-2FD8-4C59-8FC8-317F83F7186B} = {26BF48ED-2FD8-4C59-8FC8-317F83F7186B}
		{A91A6563-22C0-49D8-B71A-BB34B342204F} = {A91A6563-22C0-49D8-B71A-BB34B342204F}
		{17263A12-FD7C-43C8-94C8-C9AB4A1BA5DA} = {17263A12-FD7C-43C8-94C8-C9AB4A1BA5DA}
		{33A26C65-5717-4CE7-9E10-6990488CCFA9} = {33A26C65-5717-4CE7-9E10-6990488CCFA9}
		{F67AC32C-A184-47BE-B2BC-DB21CEC21621} = {F67AC32C-A184-47BE-B2BC-DB21CEC21621}
		{E2149212-E169-47DD-878D-9A3C67B5A3AB} = {E2149212-E169-47DD-878D-9A3C67B5A3AB}
		{D21FBAF4-40EA-48C3-844E-2A4974993304} = {D21FBAF4-40EA-48C3-844E-2A4974993304}
	EndProjectSection
EndProject
Project("{9A19103F-16F7-4668-BE54-9A1E7A4F7556}") = "Fluint.UI.Base", "src\Fluint.UI.Base\Fluint.UI.Base.csproj", "{8AAC67D2-59C9-40A9-801D-7B30441024C3}"
EndProject
Project("{2150E333-8FDC-42A3-9474-1A3956D46DE8}") = "Solution Items", "Solution Items", "{CC2C0228-7B7D-4426-9A34-C94F766F4FFA}"
	ProjectSection(SolutionItems) = preProject
		.editorconfig = .editorconfig
	EndProjectSection
EndProject
Project("{FAE04EC0-301F-11D3-BF4B-00C04F79EFBC}") = "Fluint.Graphics.API.GLCommon", "src\Fluint.Graphics.API.GLCommon\Fluint.Graphics.API.GLCommon.csproj", "{A91A6563-22C0-49D8-B71A-BB34B342204F}"
EndProject
Project("{FAE04EC0-301F-11D3-BF4B-00C04F79EFBC}") = "Fluint.Graphics.API.Metal", "src\Fluint.Graphics.API.Metal\Fluint.Graphics.API.Metal.csproj", "{26BF48ED-2FD8-4C59-8FC8-317F83F7186B}"
EndProject
Project("{FAE04EC0-301F-11D3-BF4B-00C04F79EFBC}") = "Fluint.Graphics.Base", "src\Fluint.Graphics.Base\Fluint.Graphics.Base.csproj", "{17263A12-FD7C-43C8-94C8-C9AB4A1BA5DA}"
EndProject
Project("{2150E333-8FDC-42A3-9474-1A3956D46DE8}") = "UI", "UI", "{0BF64F07-DF01-47E2-AB0E-2DB0404422EF}"
EndProject
Project("{FAE04EC0-301F-11D3-BF4B-00C04F79EFBC}") = "Fluint.UI.Layout.Base", "src\Fluint.UI.Layout.Base\Fluint.UI.Layout.Base.csproj", "{33A26C65-5717-4CE7-9E10-6990488CCFA9}"
EndProject
Project("{FAE04EC0-301F-11D3-BF4B-00C04F79EFBC}") = "Fluint.Logic.Base", "src\Fluint.Logic.Base\Fluint.Logic.Base.csproj", "{F67AC32C-A184-47BE-B2BC-DB21CEC21621}"
EndProject
Project("{FAE04EC0-301F-11D3-BF4B-00C04F79EFBC}") = "Fluint.StateManagement.Base", "src\Fluint.StateManagement.Base\Fluint.StateManagement.Base.csproj", "{E2149212-E169-47DD-878D-9A3C67B5A3AB}"
EndProject
Project("{2150E333-8FDC-42A3-9474-1A3956D46DE8}") = "Systems", "Systems", "{8F44BD35-EFBA-4D24-8A4D-1779B927978B}"
EndProject
Project("{FAE04EC0-301F-11D3-BF4B-00C04F79EFBC}") = "Fluint.Editor.Base", "src\Fluint.Editor.Base\Fluint.Editor.Base.csproj", "{D21FBAF4-40EA-48C3-844E-2A4974993304}"
EndProject
Global
	GlobalSection(SolutionConfigurationPlatforms) = preSolution
		Debug With Modules Setup|Any CPU = Debug With Modules Setup|Any CPU
		Debug With Modules Setup|x64 = Debug With Modules Setup|x64
		Debug With Modules Setup|x86 = Debug With Modules Setup|x86
		Debug|Any CPU = Debug|Any CPU
		Debug|x64 = Debug|x64
		Debug|x86 = Debug|x86
		Release With Modules Setup|Any CPU = Release With Modules Setup|Any CPU
		Release With Modules Setup|x64 = Release With Modules Setup|x64
		Release With Modules Setup|x86 = Release With Modules Setup|x86
		Release|Any CPU = Release|Any CPU
		Release|x64 = Release|x64
		Release|x86 = Release|x86
	EndGlobalSection
	GlobalSection(ProjectConfigurationPlatforms) = postSolution
		{F1C06963-E944-4823-B939-2D6F4854DB6E}.Debug With Modules Setup|Any CPU.ActiveCfg = Debug With Modules Setup|Any CPU
		{F1C06963-E944-4823-B939-2D6F4854DB6E}.Debug With Modules Setup|Any CPU.Build.0 = Debug With Modules Setup|Any CPU
		{F1C06963-E944-4823-B939-2D6F4854DB6E}.Debug With Modules Setup|x64.ActiveCfg = Debug With Modules Setup|x64
		{F1C06963-E944-4823-B939-2D6F4854DB6E}.Debug With Modules Setup|x64.Build.0 = Debug With Modules Setup|x64
		{F1C06963-E944-4823-B939-2D6F4854DB6E}.Debug With Modules Setup|x86.ActiveCfg = Debug With Modules Setup|x86
		{F1C06963-E944-4823-B939-2D6F4854DB6E}.Debug With Modules Setup|x86.Build.0 = Debug With Modules Setup|x86
		{F1C06963-E944-4823-B939-2D6F4854DB6E}.Debug|Any CPU.ActiveCfg = Debug|Any CPU
		{F1C06963-E944-4823-B939-2D6F4854DB6E}.Debug|Any CPU.Build.0 = Debug|Any CPU
		{F1C06963-E944-4823-B939-2D6F4854DB6E}.Debug|x64.ActiveCfg = Debug|x64
		{F1C06963-E944-4823-B939-2D6F4854DB6E}.Debug|x64.Build.0 = Debug|x64
		{F1C06963-E944-4823-B939-2D6F4854DB6E}.Debug|x86.ActiveCfg = Debug|x86
		{F1C06963-E944-4823-B939-2D6F4854DB6E}.Debug|x86.Build.0 = Debug|x86
		{F1C06963-E944-4823-B939-2D6F4854DB6E}.Release With Modules Setup|Any CPU.ActiveCfg = Release With Modules Setup|Any CPU
		{F1C06963-E944-4823-B939-2D6F4854DB6E}.Release With Modules Setup|Any CPU.Build.0 = Release With Modules Setup|Any CPU
		{F1C06963-E944-4823-B939-2D6F4854DB6E}.Release With Modules Setup|x64.ActiveCfg = Release With Modules Setup|x64
		{F1C06963-E944-4823-B939-2D6F4854DB6E}.Release With Modules Setup|x64.Build.0 = Release With Modules Setup|x64
		{F1C06963-E944-4823-B939-2D6F4854DB6E}.Release With Modules Setup|x86.ActiveCfg = Release With Modules Setup|x86
		{F1C06963-E944-4823-B939-2D6F4854DB6E}.Release With Modules Setup|x86.Build.0 = Release With Modules Setup|x86
		{F1C06963-E944-4823-B939-2D6F4854DB6E}.Release|Any CPU.ActiveCfg = Release|Any CPU
		{F1C06963-E944-4823-B939-2D6F4854DB6E}.Release|Any CPU.Build.0 = Release|Any CPU
		{F1C06963-E944-4823-B939-2D6F4854DB6E}.Release|x64.ActiveCfg = Release|x64
		{F1C06963-E944-4823-B939-2D6F4854DB6E}.Release|x64.Build.0 = Release|x64
		{F1C06963-E944-4823-B939-2D6F4854DB6E}.Release|x86.ActiveCfg = Release|x86
		{F1C06963-E944-4823-B939-2D6F4854DB6E}.Release|x86.Build.0 = Release|x86
		{1DB141C1-2F42-4406-B6A9-B480E7341A7A}.Debug With Modules Setup|Any CPU.ActiveCfg = Debug With Modules Setup|Any CPU
		{1DB141C1-2F42-4406-B6A9-B480E7341A7A}.Debug With Modules Setup|Any CPU.Build.0 = Debug With Modules Setup|Any CPU
		{1DB141C1-2F42-4406-B6A9-B480E7341A7A}.Debug With Modules Setup|x64.ActiveCfg = Debug With Modules Setup|x64
		{1DB141C1-2F42-4406-B6A9-B480E7341A7A}.Debug With Modules Setup|x64.Build.0 = Debug With Modules Setup|x64
		{1DB141C1-2F42-4406-B6A9-B480E7341A7A}.Debug With Modules Setup|x86.ActiveCfg = Debug With Modules Setup|x86
		{1DB141C1-2F42-4406-B6A9-B480E7341A7A}.Debug With Modules Setup|x86.Build.0 = Debug With Modules Setup|x86
		{1DB141C1-2F42-4406-B6A9-B480E7341A7A}.Debug|Any CPU.ActiveCfg = Debug|Any CPU
		{1DB141C1-2F42-4406-B6A9-B480E7341A7A}.Debug|Any CPU.Build.0 = Debug|Any CPU
		{1DB141C1-2F42-4406-B6A9-B480E7341A7A}.Debug|x64.ActiveCfg = Debug|x64
		{1DB141C1-2F42-4406-B6A9-B480E7341A7A}.Debug|x64.Build.0 = Debug|x64
		{1DB141C1-2F42-4406-B6A9-B480E7341A7A}.Debug|x86.ActiveCfg = Debug|x86
		{1DB141C1-2F42-4406-B6A9-B480E7341A7A}.Debug|x86.Build.0 = Debug|x86
		{1DB141C1-2F42-4406-B6A9-B480E7341A7A}.Release With Modules Setup|Any CPU.ActiveCfg = Release With Modules Setup|Any CPU
		{1DB141C1-2F42-4406-B6A9-B480E7341A7A}.Release With Modules Setup|Any CPU.Build.0 = Release With Modules Setup|Any CPU
		{1DB141C1-2F42-4406-B6A9-B480E7341A7A}.Release With Modules Setup|x64.ActiveCfg = Release With Modules Setup|x64
		{1DB141C1-2F42-4406-B6A9-B480E7341A7A}.Release With Modules Setup|x64.Build.0 = Release With Modules Setup|x64
		{1DB141C1-2F42-4406-B6A9-B480E7341A7A}.Release With Modules Setup|x86.ActiveCfg = Release With Modules Setup|x86
		{1DB141C1-2F42-4406-B6A9-B480E7341A7A}.Release With Modules Setup|x86.Build.0 = Release With Modules Setup|x86
		{1DB141C1-2F42-4406-B6A9-B480E7341A7A}.Release|Any CPU.ActiveCfg = Release|Any CPU
		{1DB141C1-2F42-4406-B6A9-B480E7341A7A}.Release|Any CPU.Build.0 = Release|Any CPU
		{1DB141C1-2F42-4406-B6A9-B480E7341A7A}.Release|x64.ActiveCfg = Release|x64
		{1DB141C1-2F42-4406-B6A9-B480E7341A7A}.Release|x64.Build.0 = Release|x64
		{1DB141C1-2F42-4406-B6A9-B480E7341A7A}.Release|x86.ActiveCfg = Release|x86
		{1DB141C1-2F42-4406-B6A9-B480E7341A7A}.Release|x86.Build.0 = Release|x86
		{673CF773-5404-4C22-B5FE-EA4B3A97B1A6}.Debug With Modules Setup|Any CPU.ActiveCfg = Debug With Modules Setup|Any CPU
		{673CF773-5404-4C22-B5FE-EA4B3A97B1A6}.Debug With Modules Setup|Any CPU.Build.0 = Debug With Modules Setup|Any CPU
		{673CF773-5404-4C22-B5FE-EA4B3A97B1A6}.Debug With Modules Setup|x64.ActiveCfg = Debug With Modules Setup|x64
		{673CF773-5404-4C22-B5FE-EA4B3A97B1A6}.Debug With Modules Setup|x64.Build.0 = Debug With Modules Setup|x64
		{673CF773-5404-4C22-B5FE-EA4B3A97B1A6}.Debug With Modules Setup|x86.ActiveCfg = Debug With Modules Setup|x86
		{673CF773-5404-4C22-B5FE-EA4B3A97B1A6}.Debug With Modules Setup|x86.Build.0 = Debug With Modules Setup|x86
		{673CF773-5404-4C22-B5FE-EA4B3A97B1A6}.Debug|Any CPU.ActiveCfg = Debug|Any CPU
		{673CF773-5404-4C22-B5FE-EA4B3A97B1A6}.Debug|Any CPU.Build.0 = Debug|Any CPU
		{673CF773-5404-4C22-B5FE-EA4B3A97B1A6}.Debug|x64.ActiveCfg = Debug|x64
		{673CF773-5404-4C22-B5FE-EA4B3A97B1A6}.Debug|x64.Build.0 = Debug|x64
		{673CF773-5404-4C22-B5FE-EA4B3A97B1A6}.Debug|x86.ActiveCfg = Debug|x86
		{673CF773-5404-4C22-B5FE-EA4B3A97B1A6}.Debug|x86.Build.0 = Debug|x86
		{673CF773-5404-4C22-B5FE-EA4B3A97B1A6}.Release With Modules Setup|Any CPU.ActiveCfg = Release With Modules Setup|Any CPU
		{673CF773-5404-4C22-B5FE-EA4B3A97B1A6}.Release With Modules Setup|Any CPU.Build.0 = Release With Modules Setup|Any CPU
		{673CF773-5404-4C22-B5FE-EA4B3A97B1A6}.Release With Modules Setup|x64.ActiveCfg = Release With Modules Setup|x64
		{673CF773-5404-4C22-B5FE-EA4B3A97B1A6}.Release With Modules Setup|x64.Build.0 = Release With Modules Setup|x64
		{673CF773-5404-4C22-B5FE-EA4B3A97B1A6}.Release With Modules Setup|x86.ActiveCfg = Release With Modules Setup|x86
		{673CF773-5404-4C22-B5FE-EA4B3A97B1A6}.Release With Modules Setup|x86.Build.0 = Release With Modules Setup|x86
		{673CF773-5404-4C22-B5FE-EA4B3A97B1A6}.Release|Any CPU.ActiveCfg = Release|Any CPU
		{673CF773-5404-4C22-B5FE-EA4B3A97B1A6}.Release|Any CPU.Build.0 = Release|Any CPU
		{673CF773-5404-4C22-B5FE-EA4B3A97B1A6}.Release|x64.ActiveCfg = Release|x64
		{673CF773-5404-4C22-B5FE-EA4B3A97B1A6}.Release|x64.Build.0 = Release|x64
		{673CF773-5404-4C22-B5FE-EA4B3A97B1A6}.Release|x86.ActiveCfg = Release|x86
		{673CF773-5404-4C22-B5FE-EA4B3A97B1A6}.Release|x86.Build.0 = Release|x86
		{9740214C-2C4F-4608-B31A-350F794CC763}.Debug With Modules Setup|Any CPU.ActiveCfg = Debug With Modules Setup|Any CPU
		{9740214C-2C4F-4608-B31A-350F794CC763}.Debug With Modules Setup|Any CPU.Build.0 = Debug With Modules Setup|Any CPU
		{9740214C-2C4F-4608-B31A-350F794CC763}.Debug With Modules Setup|x64.ActiveCfg = Debug With Modules Setup|x64
		{9740214C-2C4F-4608-B31A-350F794CC763}.Debug With Modules Setup|x64.Build.0 = Debug With Modules Setup|x64
		{9740214C-2C4F-4608-B31A-350F794CC763}.Debug With Modules Setup|x86.ActiveCfg = Debug With Modules Setup|x86
		{9740214C-2C4F-4608-B31A-350F794CC763}.Debug With Modules Setup|x86.Build.0 = Debug With Modules Setup|x86
		{9740214C-2C4F-4608-B31A-350F794CC763}.Debug|Any CPU.ActiveCfg = Debug|Any CPU
		{9740214C-2C4F-4608-B31A-350F794CC763}.Debug|Any CPU.Build.0 = Debug|Any CPU
		{9740214C-2C4F-4608-B31A-350F794CC763}.Debug|x64.ActiveCfg = Debug|x64
		{9740214C-2C4F-4608-B31A-350F794CC763}.Debug|x64.Build.0 = Debug|x64
		{9740214C-2C4F-4608-B31A-350F794CC763}.Debug|x86.ActiveCfg = Debug|x86
		{9740214C-2C4F-4608-B31A-350F794CC763}.Debug|x86.Build.0 = Debug|x86
		{9740214C-2C4F-4608-B31A-350F794CC763}.Release With Modules Setup|Any CPU.ActiveCfg = Release With Modules Setup|Any CPU
		{9740214C-2C4F-4608-B31A-350F794CC763}.Release With Modules Setup|Any CPU.Build.0 = Release With Modules Setup|Any CPU
		{9740214C-2C4F-4608-B31A-350F794CC763}.Release With Modules Setup|x64.ActiveCfg = Release With Modules Setup|x64
		{9740214C-2C4F-4608-B31A-350F794CC763}.Release With Modules Setup|x64.Build.0 = Release With Modules Setup|x64
		{9740214C-2C4F-4608-B31A-350F794CC763}.Release With Modules Setup|x86.ActiveCfg = Release With Modules Setup|x86
		{9740214C-2C4F-4608-B31A-350F794CC763}.Release With Modules Setup|x86.Build.0 = Release With Modules Setup|x86
		{9740214C-2C4F-4608-B31A-350F794CC763}.Release|Any CPU.ActiveCfg = Release|Any CPU
		{9740214C-2C4F-4608-B31A-350F794CC763}.Release|Any CPU.Build.0 = Release|Any CPU
		{9740214C-2C4F-4608-B31A-350F794CC763}.Release|x64.ActiveCfg = Release|x64
		{9740214C-2C4F-4608-B31A-350F794CC763}.Release|x64.Build.0 = Release|x64
		{9740214C-2C4F-4608-B31A-350F794CC763}.Release|x86.ActiveCfg = Release|x86
		{9740214C-2C4F-4608-B31A-350F794CC763}.Release|x86.Build.0 = Release|x86
		{6F43CE40-292C-453C-9A9E-7FFEB7D8B969}.Debug With Modules Setup|Any CPU.ActiveCfg = Debug With Modules Setup|Any CPU
		{6F43CE40-292C-453C-9A9E-7FFEB7D8B969}.Debug With Modules Setup|Any CPU.Build.0 = Debug With Modules Setup|Any CPU
		{6F43CE40-292C-453C-9A9E-7FFEB7D8B969}.Debug With Modules Setup|x64.ActiveCfg = Debug With Modules Setup|x64
		{6F43CE40-292C-453C-9A9E-7FFEB7D8B969}.Debug With Modules Setup|x64.Build.0 = Debug With Modules Setup|x64
		{6F43CE40-292C-453C-9A9E-7FFEB7D8B969}.Debug With Modules Setup|x86.ActiveCfg = Debug With Modules Setup|x86
		{6F43CE40-292C-453C-9A9E-7FFEB7D8B969}.Debug With Modules Setup|x86.Build.0 = Debug With Modules Setup|x86
		{6F43CE40-292C-453C-9A9E-7FFEB7D8B969}.Debug|Any CPU.ActiveCfg = Debug|Any CPU
		{6F43CE40-292C-453C-9A9E-7FFEB7D8B969}.Debug|Any CPU.Build.0 = Debug|Any CPU
		{6F43CE40-292C-453C-9A9E-7FFEB7D8B969}.Debug|x64.ActiveCfg = Debug|x64
		{6F43CE40-292C-453C-9A9E-7FFEB7D8B969}.Debug|x64.Build.0 = Debug|x64
		{6F43CE40-292C-453C-9A9E-7FFEB7D8B969}.Debug|x86.ActiveCfg = Debug|x86
		{6F43CE40-292C-453C-9A9E-7FFEB7D8B969}.Debug|x86.Build.0 = Debug|x86
		{6F43CE40-292C-453C-9A9E-7FFEB7D8B969}.Release With Modules Setup|Any CPU.ActiveCfg = Release With Modules Setup|Any CPU
		{6F43CE40-292C-453C-9A9E-7FFEB7D8B969}.Release With Modules Setup|Any CPU.Build.0 = Release With Modules Setup|Any CPU
		{6F43CE40-292C-453C-9A9E-7FFEB7D8B969}.Release With Modules Setup|x64.ActiveCfg = Release With Modules Setup|x64
		{6F43CE40-292C-453C-9A9E-7FFEB7D8B969}.Release With Modules Setup|x64.Build.0 = Release With Modules Setup|x64
		{6F43CE40-292C-453C-9A9E-7FFEB7D8B969}.Release With Modules Setup|x86.ActiveCfg = Release With Modules Setup|x86
		{6F43CE40-292C-453C-9A9E-7FFEB7D8B969}.Release With Modules Setup|x86.Build.0 = Release With Modules Setup|x86
		{6F43CE40-292C-453C-9A9E-7FFEB7D8B969}.Release|Any CPU.ActiveCfg = Release|Any CPU
		{6F43CE40-292C-453C-9A9E-7FFEB7D8B969}.Release|Any CPU.Build.0 = Release|Any CPU
		{6F43CE40-292C-453C-9A9E-7FFEB7D8B969}.Release|x64.ActiveCfg = Release|x64
		{6F43CE40-292C-453C-9A9E-7FFEB7D8B969}.Release|x64.Build.0 = Release|x64
		{6F43CE40-292C-453C-9A9E-7FFEB7D8B969}.Release|x86.ActiveCfg = Release|x86
		{6F43CE40-292C-453C-9A9E-7FFEB7D8B969}.Release|x86.Build.0 = Release|x86
		{821A3162-8C9B-4FAE-B1E4-AC1F62468B5C}.Debug With Modules Setup|Any CPU.ActiveCfg = Debug With Modules Setup|Any CPU
		{821A3162-8C9B-4FAE-B1E4-AC1F62468B5C}.Debug With Modules Setup|Any CPU.Build.0 = Debug With Modules Setup|Any CPU
		{821A3162-8C9B-4FAE-B1E4-AC1F62468B5C}.Debug With Modules Setup|x64.ActiveCfg = Debug With Modules Setup|x64
		{821A3162-8C9B-4FAE-B1E4-AC1F62468B5C}.Debug With Modules Setup|x64.Build.0 = Debug With Modules Setup|x64
		{821A3162-8C9B-4FAE-B1E4-AC1F62468B5C}.Debug With Modules Setup|x86.ActiveCfg = Debug With Modules Setup|x86
		{821A3162-8C9B-4FAE-B1E4-AC1F62468B5C}.Debug With Modules Setup|x86.Build.0 = Debug With Modules Setup|x86
		{821A3162-8C9B-4FAE-B1E4-AC1F62468B5C}.Debug|Any CPU.ActiveCfg = Debug|Any CPU
		{821A3162-8C9B-4FAE-B1E4-AC1F62468B5C}.Debug|Any CPU.Build.0 = Debug|Any CPU
		{821A3162-8C9B-4FAE-B1E4-AC1F62468B5C}.Debug|x64.ActiveCfg = Debug|x64
		{821A3162-8C9B-4FAE-B1E4-AC1F62468B5C}.Debug|x64.Build.0 = Debug|x64
		{821A3162-8C9B-4FAE-B1E4-AC1F62468B5C}.Debug|x86.ActiveCfg = Debug|x86
		{821A3162-8C9B-4FAE-B1E4-AC1F62468B5C}.Debug|x86.Build.0 = Debug|x86
		{821A3162-8C9B-4FAE-B1E4-AC1F62468B5C}.Release With Modules Setup|Any CPU.ActiveCfg = Release With Modules Setup|Any CPU
		{821A3162-8C9B-4FAE-B1E4-AC1F62468B5C}.Release With Modules Setup|Any CPU.Build.0 = Release With Modules Setup|Any CPU
		{821A3162-8C9B-4FAE-B1E4-AC1F62468B5C}.Release With Modules Setup|x64.ActiveCfg = Release With Modules Setup|x64
		{821A3162-8C9B-4FAE-B1E4-AC1F62468B5C}.Release With Modules Setup|x64.Build.0 = Release With Modules Setup|x64
		{821A3162-8C9B-4FAE-B1E4-AC1F62468B5C}.Release With Modules Setup|x86.ActiveCfg = Release With Modules Setup|x86
		{821A3162-8C9B-4FAE-B1E4-AC1F62468B5C}.Release With Modules Setup|x86.Build.0 = Release With Modules Setup|x86
		{821A3162-8C9B-4FAE-B1E4-AC1F62468B5C}.Release|Any CPU.ActiveCfg = Release|Any CPU
		{821A3162-8C9B-4FAE-B1E4-AC1F62468B5C}.Release|Any CPU.Build.0 = Release|Any CPU
		{821A3162-8C9B-4FAE-B1E4-AC1F62468B5C}.Release|x64.ActiveCfg = Release|x64
		{821A3162-8C9B-4FAE-B1E4-AC1F62468B5C}.Release|x64.Build.0 = Release|x64
		{821A3162-8C9B-4FAE-B1E4-AC1F62468B5C}.Release|x86.ActiveCfg = Release|x86
		{821A3162-8C9B-4FAE-B1E4-AC1F62468B5C}.Release|x86.Build.0 = Release|x86
		{18EF63A7-098C-4C71-9A00-4487223708AD}.Debug With Modules Setup|Any CPU.ActiveCfg = Debug With Modules Setup|Any CPU
		{18EF63A7-098C-4C71-9A00-4487223708AD}.Debug With Modules Setup|Any CPU.Build.0 = Debug With Modules Setup|Any CPU
		{18EF63A7-098C-4C71-9A00-4487223708AD}.Debug With Modules Setup|x64.ActiveCfg = Debug With Modules Setup|x64
		{18EF63A7-098C-4C71-9A00-4487223708AD}.Debug With Modules Setup|x64.Build.0 = Debug With Modules Setup|x64
		{18EF63A7-098C-4C71-9A00-4487223708AD}.Debug With Modules Setup|x86.ActiveCfg = Debug With Modules Setup|x86
		{18EF63A7-098C-4C71-9A00-4487223708AD}.Debug With Modules Setup|x86.Build.0 = Debug With Modules Setup|x86
		{18EF63A7-098C-4C71-9A00-4487223708AD}.Debug|Any CPU.ActiveCfg = Debug|Any CPU
		{18EF63A7-098C-4C71-9A00-4487223708AD}.Debug|Any CPU.Build.0 = Debug|Any CPU
		{18EF63A7-098C-4C71-9A00-4487223708AD}.Debug|x64.ActiveCfg = Debug|x64
		{18EF63A7-098C-4C71-9A00-4487223708AD}.Debug|x64.Build.0 = Debug|x64
		{18EF63A7-098C-4C71-9A00-4487223708AD}.Debug|x86.ActiveCfg = Debug|x86
		{18EF63A7-098C-4C71-9A00-4487223708AD}.Debug|x86.Build.0 = Debug|x86
		{18EF63A7-098C-4C71-9A00-4487223708AD}.Release With Modules Setup|Any CPU.ActiveCfg = Release With Modules Setup|Any CPU
		{18EF63A7-098C-4C71-9A00-4487223708AD}.Release With Modules Setup|Any CPU.Build.0 = Release With Modules Setup|Any CPU
		{18EF63A7-098C-4C71-9A00-4487223708AD}.Release With Modules Setup|x64.ActiveCfg = Release With Modules Setup|x64
		{18EF63A7-098C-4C71-9A00-4487223708AD}.Release With Modules Setup|x64.Build.0 = Release With Modules Setup|x64
		{18EF63A7-098C-4C71-9A00-4487223708AD}.Release With Modules Setup|x86.ActiveCfg = Release With Modules Setup|x86
		{18EF63A7-098C-4C71-9A00-4487223708AD}.Release With Modules Setup|x86.Build.0 = Release With Modules Setup|x86
		{18EF63A7-098C-4C71-9A00-4487223708AD}.Release|Any CPU.ActiveCfg = Release|Any CPU
		{18EF63A7-098C-4C71-9A00-4487223708AD}.Release|Any CPU.Build.0 = Release|Any CPU
		{18EF63A7-098C-4C71-9A00-4487223708AD}.Release|x64.ActiveCfg = Release|x64
		{18EF63A7-098C-4C71-9A00-4487223708AD}.Release|x64.Build.0 = Release|x64
		{18EF63A7-098C-4C71-9A00-4487223708AD}.Release|x86.ActiveCfg = Release|x86
		{18EF63A7-098C-4C71-9A00-4487223708AD}.Release|x86.Build.0 = Release|x86
		{49D0F24C-F8C7-4D47-B1BE-FAB890354B68}.Debug With Modules Setup|Any CPU.ActiveCfg = Debug With Modules Setup|Any CPU
		{49D0F24C-F8C7-4D47-B1BE-FAB890354B68}.Debug With Modules Setup|Any CPU.Build.0 = Debug With Modules Setup|Any CPU
		{49D0F24C-F8C7-4D47-B1BE-FAB890354B68}.Debug With Modules Setup|x64.ActiveCfg = Debug With Modules Setup|x64
		{49D0F24C-F8C7-4D47-B1BE-FAB890354B68}.Debug With Modules Setup|x64.Build.0 = Debug With Modules Setup|x64
		{49D0F24C-F8C7-4D47-B1BE-FAB890354B68}.Debug With Modules Setup|x86.ActiveCfg = Debug|Any CPU
		{49D0F24C-F8C7-4D47-B1BE-FAB890354B68}.Debug With Modules Setup|x86.Build.0 = Debug|Any CPU
		{49D0F24C-F8C7-4D47-B1BE-FAB890354B68}.Debug|Any CPU.ActiveCfg = Debug|Any CPU
		{49D0F24C-F8C7-4D47-B1BE-FAB890354B68}.Debug|Any CPU.Build.0 = Debug|Any CPU
		{49D0F24C-F8C7-4D47-B1BE-FAB890354B68}.Debug|x64.ActiveCfg = Debug|Any CPU
		{49D0F24C-F8C7-4D47-B1BE-FAB890354B68}.Debug|x64.Build.0 = Debug|Any CPU
		{49D0F24C-F8C7-4D47-B1BE-FAB890354B68}.Debug|x86.ActiveCfg = Debug|Any CPU
		{49D0F24C-F8C7-4D47-B1BE-FAB890354B68}.Debug|x86.Build.0 = Debug|Any CPU
		{49D0F24C-F8C7-4D47-B1BE-FAB890354B68}.Release With Modules Setup|Any CPU.ActiveCfg = Release With Modules Setup|Any CPU
		{49D0F24C-F8C7-4D47-B1BE-FAB890354B68}.Release With Modules Setup|Any CPU.Build.0 = Release With Modules Setup|Any CPU
		{49D0F24C-F8C7-4D47-B1BE-FAB890354B68}.Release With Modules Setup|x64.ActiveCfg = Release With Modules Setup|x64
		{49D0F24C-F8C7-4D47-B1BE-FAB890354B68}.Release With Modules Setup|x64.Build.0 = Release With Modules Setup|x64
		{49D0F24C-F8C7-4D47-B1BE-FAB890354B68}.Release With Modules Setup|x86.ActiveCfg = Release With Modules Setup|x86
		{49D0F24C-F8C7-4D47-B1BE-FAB890354B68}.Release With Modules Setup|x86.Build.0 = Release With Modules Setup|x86
		{49D0F24C-F8C7-4D47-B1BE-FAB890354B68}.Release|Any CPU.ActiveCfg = Release|Any CPU
		{49D0F24C-F8C7-4D47-B1BE-FAB890354B68}.Release|Any CPU.Build.0 = Release|Any CPU
		{49D0F24C-F8C7-4D47-B1BE-FAB890354B68}.Release|x64.ActiveCfg = Release|Any CPU
		{49D0F24C-F8C7-4D47-B1BE-FAB890354B68}.Release|x64.Build.0 = Release|Any CPU
		{49D0F24C-F8C7-4D47-B1BE-FAB890354B68}.Release|x86.ActiveCfg = Release|Any CPU
		{49D0F24C-F8C7-4D47-B1BE-FAB890354B68}.Release|x86.Build.0 = Release|Any CPU
		{24FAC640-6218-49E2-AAD8-24AFDE4D1B23}.Debug With Modules Setup|Any CPU.ActiveCfg = Debug With Modules Setup|Any CPU
		{24FAC640-6218-49E2-AAD8-24AFDE4D1B23}.Debug With Modules Setup|Any CPU.Build.0 = Debug With Modules Setup|Any CPU
		{24FAC640-6218-49E2-AAD8-24AFDE4D1B23}.Debug With Modules Setup|x64.ActiveCfg = Debug With Modules Setup|x64
		{24FAC640-6218-49E2-AAD8-24AFDE4D1B23}.Debug With Modules Setup|x64.Build.0 = Debug With Modules Setup|x64
		{24FAC640-6218-49E2-AAD8-24AFDE4D1B23}.Debug With Modules Setup|x86.ActiveCfg = Debug|Any CPU
		{24FAC640-6218-49E2-AAD8-24AFDE4D1B23}.Debug With Modules Setup|x86.Build.0 = Debug|Any CPU
		{24FAC640-6218-49E2-AAD8-24AFDE4D1B23}.Debug|Any CPU.ActiveCfg = Debug|Any CPU
		{24FAC640-6218-49E2-AAD8-24AFDE4D1B23}.Debug|Any CPU.Build.0 = Debug|Any CPU
		{24FAC640-6218-49E2-AAD8-24AFDE4D1B23}.Debug|x64.ActiveCfg = Debug|Any CPU
		{24FAC640-6218-49E2-AAD8-24AFDE4D1B23}.Debug|x64.Build.0 = Debug|Any CPU
		{24FAC640-6218-49E2-AAD8-24AFDE4D1B23}.Debug|x86.ActiveCfg = Debug|Any CPU
		{24FAC640-6218-49E2-AAD8-24AFDE4D1B23}.Debug|x86.Build.0 = Debug|Any CPU
		{24FAC640-6218-49E2-AAD8-24AFDE4D1B23}.Release With Modules Setup|Any CPU.ActiveCfg = Release With Modules Setup|Any CPU
		{24FAC640-6218-49E2-AAD8-24AFDE4D1B23}.Release With Modules Setup|Any CPU.Build.0 = Release With Modules Setup|Any CPU
		{24FAC640-6218-49E2-AAD8-24AFDE4D1B23}.Release With Modules Setup|x64.ActiveCfg = Release With Modules Setup|x64
		{24FAC640-6218-49E2-AAD8-24AFDE4D1B23}.Release With Modules Setup|x64.Build.0 = Release With Modules Setup|x64
		{24FAC640-6218-49E2-AAD8-24AFDE4D1B23}.Release With Modules Setup|x86.ActiveCfg = Release With Modules Setup|x86
		{24FAC640-6218-49E2-AAD8-24AFDE4D1B23}.Release With Modules Setup|x86.Build.0 = Release With Modules Setup|x86
		{24FAC640-6218-49E2-AAD8-24AFDE4D1B23}.Release|Any CPU.ActiveCfg = Release|Any CPU
		{24FAC640-6218-49E2-AAD8-24AFDE4D1B23}.Release|Any CPU.Build.0 = Release|Any CPU
		{24FAC640-6218-49E2-AAD8-24AFDE4D1B23}.Release|x64.ActiveCfg = Release|Any CPU
		{24FAC640-6218-49E2-AAD8-24AFDE4D1B23}.Release|x64.Build.0 = Release|Any CPU
		{24FAC640-6218-49E2-AAD8-24AFDE4D1B23}.Release|x86.ActiveCfg = Release|Any CPU
		{24FAC640-6218-49E2-AAD8-24AFDE4D1B23}.Release|x86.Build.0 = Release|Any CPU
		{57CDC538-88CF-4533-BA9D-BE41E5004050}.Debug With Modules Setup|Any CPU.ActiveCfg = Debug With Modules Setup|Any CPU
		{57CDC538-88CF-4533-BA9D-BE41E5004050}.Debug With Modules Setup|Any CPU.Build.0 = Debug With Modules Setup|Any CPU
		{57CDC538-88CF-4533-BA9D-BE41E5004050}.Debug With Modules Setup|x64.ActiveCfg = Debug With Modules Setup|x64
		{57CDC538-88CF-4533-BA9D-BE41E5004050}.Debug With Modules Setup|x64.Build.0 = Debug With Modules Setup|x64
		{57CDC538-88CF-4533-BA9D-BE41E5004050}.Debug With Modules Setup|x86.ActiveCfg = Debug|Any CPU
		{57CDC538-88CF-4533-BA9D-BE41E5004050}.Debug With Modules Setup|x86.Build.0 = Debug|Any CPU
		{57CDC538-88CF-4533-BA9D-BE41E5004050}.Debug|Any CPU.ActiveCfg = Debug|Any CPU
		{57CDC538-88CF-4533-BA9D-BE41E5004050}.Debug|Any CPU.Build.0 = Debug|Any CPU
		{57CDC538-88CF-4533-BA9D-BE41E5004050}.Debug|x64.ActiveCfg = Debug|Any CPU
		{57CDC538-88CF-4533-BA9D-BE41E5004050}.Debug|x64.Build.0 = Debug|Any CPU
		{57CDC538-88CF-4533-BA9D-BE41E5004050}.Debug|x86.ActiveCfg = Debug|Any CPU
		{57CDC538-88CF-4533-BA9D-BE41E5004050}.Debug|x86.Build.0 = Debug|Any CPU
		{57CDC538-88CF-4533-BA9D-BE41E5004050}.Release With Modules Setup|Any CPU.ActiveCfg = Release With Modules Setup|Any CPU
		{57CDC538-88CF-4533-BA9D-BE41E5004050}.Release With Modules Setup|Any CPU.Build.0 = Release With Modules Setup|Any CPU
		{57CDC538-88CF-4533-BA9D-BE41E5004050}.Release With Modules Setup|x64.ActiveCfg = Release With Modules Setup|x64
		{57CDC538-88CF-4533-BA9D-BE41E5004050}.Release With Modules Setup|x64.Build.0 = Release With Modules Setup|x64
		{57CDC538-88CF-4533-BA9D-BE41E5004050}.Release With Modules Setup|x86.ActiveCfg = Release With Modules Setup|x86
		{57CDC538-88CF-4533-BA9D-BE41E5004050}.Release With Modules Setup|x86.Build.0 = Release With Modules Setup|x86
		{57CDC538-88CF-4533-BA9D-BE41E5004050}.Release|Any CPU.ActiveCfg = Release|Any CPU
		{57CDC538-88CF-4533-BA9D-BE41E5004050}.Release|Any CPU.Build.0 = Release|Any CPU
		{57CDC538-88CF-4533-BA9D-BE41E5004050}.Release|x64.ActiveCfg = Release|Any CPU
		{57CDC538-88CF-4533-BA9D-BE41E5004050}.Release|x64.Build.0 = Release|Any CPU
		{57CDC538-88CF-4533-BA9D-BE41E5004050}.Release|x86.ActiveCfg = Release|Any CPU
		{57CDC538-88CF-4533-BA9D-BE41E5004050}.Release|x86.Build.0 = Release|Any CPU
		{6F5C1735-69F0-476E-AF8A-F54A3C8CDECC}.Debug With Modules Setup|Any CPU.ActiveCfg = Debug With Modules Setup|Any CPU
		{6F5C1735-69F0-476E-AF8A-F54A3C8CDECC}.Debug With Modules Setup|Any CPU.Build.0 = Debug With Modules Setup|Any CPU
		{6F5C1735-69F0-476E-AF8A-F54A3C8CDECC}.Debug With Modules Setup|x64.ActiveCfg = Debug With Modules Setup|x64
		{6F5C1735-69F0-476E-AF8A-F54A3C8CDECC}.Debug With Modules Setup|x64.Build.0 = Debug With Modules Setup|x64
		{6F5C1735-69F0-476E-AF8A-F54A3C8CDECC}.Debug With Modules Setup|x86.ActiveCfg = Debug|Any CPU
		{6F5C1735-69F0-476E-AF8A-F54A3C8CDECC}.Debug With Modules Setup|x86.Build.0 = Debug|Any CPU
		{6F5C1735-69F0-476E-AF8A-F54A3C8CDECC}.Debug|Any CPU.ActiveCfg = Debug|Any CPU
		{6F5C1735-69F0-476E-AF8A-F54A3C8CDECC}.Debug|Any CPU.Build.0 = Debug|Any CPU
		{6F5C1735-69F0-476E-AF8A-F54A3C8CDECC}.Debug|x64.ActiveCfg = Debug|Any CPU
		{6F5C1735-69F0-476E-AF8A-F54A3C8CDECC}.Debug|x64.Build.0 = Debug|Any CPU
		{6F5C1735-69F0-476E-AF8A-F54A3C8CDECC}.Debug|x86.ActiveCfg = Debug|Any CPU
		{6F5C1735-69F0-476E-AF8A-F54A3C8CDECC}.Debug|x86.Build.0 = Debug|Any CPU
		{6F5C1735-69F0-476E-AF8A-F54A3C8CDECC}.Release With Modules Setup|Any CPU.ActiveCfg = Release With Modules Setup|Any CPU
		{6F5C1735-69F0-476E-AF8A-F54A3C8CDECC}.Release With Modules Setup|Any CPU.Build.0 = Release With Modules Setup|Any CPU
		{6F5C1735-69F0-476E-AF8A-F54A3C8CDECC}.Release With Modules Setup|x64.ActiveCfg = Release With Modules Setup|x64
		{6F5C1735-69F0-476E-AF8A-F54A3C8CDECC}.Release With Modules Setup|x64.Build.0 = Release With Modules Setup|x64
		{6F5C1735-69F0-476E-AF8A-F54A3C8CDECC}.Release With Modules Setup|x86.ActiveCfg = Release With Modules Setup|x86
		{6F5C1735-69F0-476E-AF8A-F54A3C8CDECC}.Release With Modules Setup|x86.Build.0 = Release With Modules Setup|x86
		{6F5C1735-69F0-476E-AF8A-F54A3C8CDECC}.Release|Any CPU.ActiveCfg = Release|Any CPU
		{6F5C1735-69F0-476E-AF8A-F54A3C8CDECC}.Release|Any CPU.Build.0 = Release|Any CPU
		{6F5C1735-69F0-476E-AF8A-F54A3C8CDECC}.Release|x64.ActiveCfg = Release|Any CPU
		{6F5C1735-69F0-476E-AF8A-F54A3C8CDECC}.Release|x64.Build.0 = Release|Any CPU
		{6F5C1735-69F0-476E-AF8A-F54A3C8CDECC}.Release|x86.ActiveCfg = Release|Any CPU
		{6F5C1735-69F0-476E-AF8A-F54A3C8CDECC}.Release|x86.Build.0 = Release|Any CPU
		{F48FE8E9-BB03-44C5-82CF-240EA2723FCC}.Debug With Modules Setup|Any CPU.ActiveCfg = Debug With Modules Setup|Any CPU
		{F48FE8E9-BB03-44C5-82CF-240EA2723FCC}.Debug With Modules Setup|Any CPU.Build.0 = Debug With Modules Setup|Any CPU
		{F48FE8E9-BB03-44C5-82CF-240EA2723FCC}.Debug With Modules Setup|x64.ActiveCfg = Debug With Modules Setup|x64
		{F48FE8E9-BB03-44C5-82CF-240EA2723FCC}.Debug With Modules Setup|x64.Build.0 = Debug With Modules Setup|x64
		{F48FE8E9-BB03-44C5-82CF-240EA2723FCC}.Debug With Modules Setup|x86.ActiveCfg = Debug|Any CPU
		{F48FE8E9-BB03-44C5-82CF-240EA2723FCC}.Debug With Modules Setup|x86.Build.0 = Debug|Any CPU
		{F48FE8E9-BB03-44C5-82CF-240EA2723FCC}.Debug|Any CPU.ActiveCfg = Debug|Any CPU
		{F48FE8E9-BB03-44C5-82CF-240EA2723FCC}.Debug|Any CPU.Build.0 = Debug|Any CPU
		{F48FE8E9-BB03-44C5-82CF-240EA2723FCC}.Debug|x64.ActiveCfg = Debug|Any CPU
		{F48FE8E9-BB03-44C5-82CF-240EA2723FCC}.Debug|x64.Build.0 = Debug|Any CPU
		{F48FE8E9-BB03-44C5-82CF-240EA2723FCC}.Debug|x86.ActiveCfg = Debug|Any CPU
		{F48FE8E9-BB03-44C5-82CF-240EA2723FCC}.Debug|x86.Build.0 = Debug|Any CPU
		{F48FE8E9-BB03-44C5-82CF-240EA2723FCC}.Release With Modules Setup|Any CPU.ActiveCfg = Release With Modules Setup|Any CPU
		{F48FE8E9-BB03-44C5-82CF-240EA2723FCC}.Release With Modules Setup|Any CPU.Build.0 = Release With Modules Setup|Any CPU
		{F48FE8E9-BB03-44C5-82CF-240EA2723FCC}.Release With Modules Setup|x64.ActiveCfg = Release With Modules Setup|x64
		{F48FE8E9-BB03-44C5-82CF-240EA2723FCC}.Release With Modules Setup|x64.Build.0 = Release With Modules Setup|x64
		{F48FE8E9-BB03-44C5-82CF-240EA2723FCC}.Release With Modules Setup|x86.ActiveCfg = Release With Modules Setup|x86
		{F48FE8E9-BB03-44C5-82CF-240EA2723FCC}.Release With Modules Setup|x86.Build.0 = Release With Modules Setup|x86
		{F48FE8E9-BB03-44C5-82CF-240EA2723FCC}.Release|Any CPU.ActiveCfg = Release|Any CPU
		{F48FE8E9-BB03-44C5-82CF-240EA2723FCC}.Release|Any CPU.Build.0 = Release|Any CPU
		{F48FE8E9-BB03-44C5-82CF-240EA2723FCC}.Release|x64.ActiveCfg = Release|Any CPU
		{F48FE8E9-BB03-44C5-82CF-240EA2723FCC}.Release|x64.Build.0 = Release|Any CPU
		{F48FE8E9-BB03-44C5-82CF-240EA2723FCC}.Release|x86.ActiveCfg = Release|Any CPU
		{F48FE8E9-BB03-44C5-82CF-240EA2723FCC}.Release|x86.Build.0 = Release|Any CPU
		{40CCD215-8B0F-43EA-A5BE-4D0F6B5897E0}.Debug With Modules Setup|Any CPU.ActiveCfg = Debug With Modules Setup|Any CPU
		{40CCD215-8B0F-43EA-A5BE-4D0F6B5897E0}.Debug With Modules Setup|Any CPU.Build.0 = Debug With Modules Setup|Any CPU
		{40CCD215-8B0F-43EA-A5BE-4D0F6B5897E0}.Debug With Modules Setup|x64.ActiveCfg = Debug With Modules Setup|x64
		{40CCD215-8B0F-43EA-A5BE-4D0F6B5897E0}.Debug With Modules Setup|x64.Build.0 = Debug With Modules Setup|x64
		{40CCD215-8B0F-43EA-A5BE-4D0F6B5897E0}.Debug With Modules Setup|x86.ActiveCfg = Debug|Any CPU
		{40CCD215-8B0F-43EA-A5BE-4D0F6B5897E0}.Debug With Modules Setup|x86.Build.0 = Debug|Any CPU
		{40CCD215-8B0F-43EA-A5BE-4D0F6B5897E0}.Debug|Any CPU.ActiveCfg = Debug|Any CPU
		{40CCD215-8B0F-43EA-A5BE-4D0F6B5897E0}.Debug|Any CPU.Build.0 = Debug|Any CPU
		{40CCD215-8B0F-43EA-A5BE-4D0F6B5897E0}.Debug|x64.ActiveCfg = Debug|Any CPU
		{40CCD215-8B0F-43EA-A5BE-4D0F6B5897E0}.Debug|x64.Build.0 = Debug|Any CPU
		{40CCD215-8B0F-43EA-A5BE-4D0F6B5897E0}.Debug|x86.ActiveCfg = Debug|Any CPU
		{40CCD215-8B0F-43EA-A5BE-4D0F6B5897E0}.Debug|x86.Build.0 = Debug|Any CPU
		{40CCD215-8B0F-43EA-A5BE-4D0F6B5897E0}.Release With Modules Setup|Any CPU.ActiveCfg = Release With Modules Setup|Any CPU
		{40CCD215-8B0F-43EA-A5BE-4D0F6B5897E0}.Release With Modules Setup|Any CPU.Build.0 = Release With Modules Setup|Any CPU
		{40CCD215-8B0F-43EA-A5BE-4D0F6B5897E0}.Release With Modules Setup|x64.ActiveCfg = Release With Modules Setup|x64
		{40CCD215-8B0F-43EA-A5BE-4D0F6B5897E0}.Release With Modules Setup|x64.Build.0 = Release With Modules Setup|x64
		{40CCD215-8B0F-43EA-A5BE-4D0F6B5897E0}.Release With Modules Setup|x86.ActiveCfg = Release With Modules Setup|x86
		{40CCD215-8B0F-43EA-A5BE-4D0F6B5897E0}.Release With Modules Setup|x86.Build.0 = Release With Modules Setup|x86
		{40CCD215-8B0F-43EA-A5BE-4D0F6B5897E0}.Release|Any CPU.ActiveCfg = Release|Any CPU
		{40CCD215-8B0F-43EA-A5BE-4D0F6B5897E0}.Release|Any CPU.Build.0 = Release|Any CPU
		{40CCD215-8B0F-43EA-A5BE-4D0F6B5897E0}.Release|x64.ActiveCfg = Release|Any CPU
		{40CCD215-8B0F-43EA-A5BE-4D0F6B5897E0}.Release|x64.Build.0 = Release|Any CPU
		{40CCD215-8B0F-43EA-A5BE-4D0F6B5897E0}.Release|x86.ActiveCfg = Release|Any CPU
		{40CCD215-8B0F-43EA-A5BE-4D0F6B5897E0}.Release|x86.Build.0 = Release|Any CPU
		{C3D906E0-4CF2-4DA3-8970-0F95D0CA2A7F}.Debug With Modules Setup|Any CPU.ActiveCfg = Debug With Modules Setup|Any CPU
		{C3D906E0-4CF2-4DA3-8970-0F95D0CA2A7F}.Debug With Modules Setup|Any CPU.Build.0 = Debug With Modules Setup|Any CPU
		{C3D906E0-4CF2-4DA3-8970-0F95D0CA2A7F}.Debug With Modules Setup|x64.ActiveCfg = Debug With Modules Setup|x64
		{C3D906E0-4CF2-4DA3-8970-0F95D0CA2A7F}.Debug With Modules Setup|x64.Build.0 = Debug With Modules Setup|x64
		{C3D906E0-4CF2-4DA3-8970-0F95D0CA2A7F}.Debug With Modules Setup|x86.ActiveCfg = Debug|Any CPU
		{C3D906E0-4CF2-4DA3-8970-0F95D0CA2A7F}.Debug With Modules Setup|x86.Build.0 = Debug|Any CPU
		{C3D906E0-4CF2-4DA3-8970-0F95D0CA2A7F}.Debug|Any CPU.ActiveCfg = Debug|Any CPU
		{C3D906E0-4CF2-4DA3-8970-0F95D0CA2A7F}.Debug|Any CPU.Build.0 = Debug|Any CPU
		{C3D906E0-4CF2-4DA3-8970-0F95D0CA2A7F}.Debug|x64.ActiveCfg = Debug|Any CPU
		{C3D906E0-4CF2-4DA3-8970-0F95D0CA2A7F}.Debug|x64.Build.0 = Debug|Any CPU
		{C3D906E0-4CF2-4DA3-8970-0F95D0CA2A7F}.Debug|x86.ActiveCfg = Debug|Any CPU
		{C3D906E0-4CF2-4DA3-8970-0F95D0CA2A7F}.Debug|x86.Build.0 = Debug|Any CPU
		{C3D906E0-4CF2-4DA3-8970-0F95D0CA2A7F}.Release With Modules Setup|Any CPU.ActiveCfg = Release With Modules Setup|Any CPU
		{C3D906E0-4CF2-4DA3-8970-0F95D0CA2A7F}.Release With Modules Setup|Any CPU.Build.0 = Release With Modules Setup|Any CPU
		{C3D906E0-4CF2-4DA3-8970-0F95D0CA2A7F}.Release With Modules Setup|x64.ActiveCfg = Release With Modules Setup|x64
		{C3D906E0-4CF2-4DA3-8970-0F95D0CA2A7F}.Release With Modules Setup|x64.Build.0 = Release With Modules Setup|x64
		{C3D906E0-4CF2-4DA3-8970-0F95D0CA2A7F}.Release With Modules Setup|x86.ActiveCfg = Release With Modules Setup|x86
		{C3D906E0-4CF2-4DA3-8970-0F95D0CA2A7F}.Release With Modules Setup|x86.Build.0 = Release With Modules Setup|x86
		{C3D906E0-4CF2-4DA3-8970-0F95D0CA2A7F}.Release|Any CPU.ActiveCfg = Release|Any CPU
		{C3D906E0-4CF2-4DA3-8970-0F95D0CA2A7F}.Release|Any CPU.Build.0 = Release|Any CPU
		{C3D906E0-4CF2-4DA3-8970-0F95D0CA2A7F}.Release|x64.ActiveCfg = Release|Any CPU
		{C3D906E0-4CF2-4DA3-8970-0F95D0CA2A7F}.Release|x64.Build.0 = Release|Any CPU
		{C3D906E0-4CF2-4DA3-8970-0F95D0CA2A7F}.Release|x86.ActiveCfg = Release|Any CPU
		{C3D906E0-4CF2-4DA3-8970-0F95D0CA2A7F}.Release|x86.Build.0 = Release|Any CPU
		{A1696D37-C974-49CA-B486-3736254443AD}.Debug With Modules Setup|Any CPU.ActiveCfg = Debug With Modules Setup|Any CPU
		{A1696D37-C974-49CA-B486-3736254443AD}.Debug With Modules Setup|Any CPU.Build.0 = Debug With Modules Setup|Any CPU
		{A1696D37-C974-49CA-B486-3736254443AD}.Debug With Modules Setup|x64.ActiveCfg = Debug With Modules Setup|x64
		{A1696D37-C974-49CA-B486-3736254443AD}.Debug With Modules Setup|x64.Build.0 = Debug With Modules Setup|x64
		{A1696D37-C974-49CA-B486-3736254443AD}.Debug With Modules Setup|x86.ActiveCfg = Debug|Any CPU
		{A1696D37-C974-49CA-B486-3736254443AD}.Debug With Modules Setup|x86.Build.0 = Debug|Any CPU
		{A1696D37-C974-49CA-B486-3736254443AD}.Debug|Any CPU.ActiveCfg = Debug|Any CPU
		{A1696D37-C974-49CA-B486-3736254443AD}.Debug|Any CPU.Build.0 = Debug|Any CPU
		{A1696D37-C974-49CA-B486-3736254443AD}.Debug|x64.ActiveCfg = Debug|Any CPU
		{A1696D37-C974-49CA-B486-3736254443AD}.Debug|x64.Build.0 = Debug|Any CPU
		{A1696D37-C974-49CA-B486-3736254443AD}.Debug|x86.ActiveCfg = Debug|Any CPU
		{A1696D37-C974-49CA-B486-3736254443AD}.Debug|x86.Build.0 = Debug|Any CPU
		{A1696D37-C974-49CA-B486-3736254443AD}.Release With Modules Setup|Any CPU.ActiveCfg = Release With Modules Setup|Any CPU
		{A1696D37-C974-49CA-B486-3736254443AD}.Release With Modules Setup|Any CPU.Build.0 = Release With Modules Setup|Any CPU
		{A1696D37-C974-49CA-B486-3736254443AD}.Release With Modules Setup|x64.ActiveCfg = Release With Modules Setup|x64
		{A1696D37-C974-49CA-B486-3736254443AD}.Release With Modules Setup|x64.Build.0 = Release With Modules Setup|x64
		{A1696D37-C974-49CA-B486-3736254443AD}.Release With Modules Setup|x86.ActiveCfg = Release With Modules Setup|Any CPU
		{A1696D37-C974-49CA-B486-3736254443AD}.Release With Modules Setup|x86.Build.0 = Release With Modules Setup|Any CPU
		{A1696D37-C974-49CA-B486-3736254443AD}.Release|Any CPU.ActiveCfg = Release|Any CPU
		{A1696D37-C974-49CA-B486-3736254443AD}.Release|Any CPU.Build.0 = Release|Any CPU
		{A1696D37-C974-49CA-B486-3736254443AD}.Release|x64.ActiveCfg = Release|Any CPU
		{A1696D37-C974-49CA-B486-3736254443AD}.Release|x64.Build.0 = Release|Any CPU
		{A1696D37-C974-49CA-B486-3736254443AD}.Release|x86.ActiveCfg = Release|Any CPU
		{A1696D37-C974-49CA-B486-3736254443AD}.Release|x86.Build.0 = Release|Any CPU
		{44E63956-2A12-4DA5-A077-D3AF8E5A17BC}.Debug With Modules Setup|Any CPU.ActiveCfg = Debug|Any CPU
		{44E63956-2A12-4DA5-A077-D3AF8E5A17BC}.Debug With Modules Setup|Any CPU.Build.0 = Debug|Any CPU
		{44E63956-2A12-4DA5-A077-D3AF8E5A17BC}.Debug With Modules Setup|x64.ActiveCfg = Debug|Any CPU
		{44E63956-2A12-4DA5-A077-D3AF8E5A17BC}.Debug With Modules Setup|x64.Build.0 = Debug|Any CPU
		{44E63956-2A12-4DA5-A077-D3AF8E5A17BC}.Debug With Modules Setup|x86.ActiveCfg = Debug|Any CPU
		{44E63956-2A12-4DA5-A077-D3AF8E5A17BC}.Debug With Modules Setup|x86.Build.0 = Debug|Any CPU
		{44E63956-2A12-4DA5-A077-D3AF8E5A17BC}.Debug|Any CPU.ActiveCfg = Debug|Any CPU
		{44E63956-2A12-4DA5-A077-D3AF8E5A17BC}.Debug|Any CPU.Build.0 = Debug|Any CPU
		{44E63956-2A12-4DA5-A077-D3AF8E5A17BC}.Debug|x64.ActiveCfg = Debug|Any CPU
		{44E63956-2A12-4DA5-A077-D3AF8E5A17BC}.Debug|x64.Build.0 = Debug|Any CPU
		{44E63956-2A12-4DA5-A077-D3AF8E5A17BC}.Debug|x86.ActiveCfg = Debug|Any CPU
		{44E63956-2A12-4DA5-A077-D3AF8E5A17BC}.Debug|x86.Build.0 = Debug|Any CPU
		{44E63956-2A12-4DA5-A077-D3AF8E5A17BC}.Release With Modules Setup|Any CPU.ActiveCfg = Release With Modules Setup|Any CPU
		{44E63956-2A12-4DA5-A077-D3AF8E5A17BC}.Release With Modules Setup|Any CPU.Build.0 = Release With Modules Setup|Any CPU
		{44E63956-2A12-4DA5-A077-D3AF8E5A17BC}.Release With Modules Setup|x64.ActiveCfg = Release With Modules Setup|Any CPU
		{44E63956-2A12-4DA5-A077-D3AF8E5A17BC}.Release With Modules Setup|x64.Build.0 = Release With Modules Setup|Any CPU
		{44E63956-2A12-4DA5-A077-D3AF8E5A17BC}.Release With Modules Setup|x86.ActiveCfg = Release With Modules Setup|Any CPU
		{44E63956-2A12-4DA5-A077-D3AF8E5A17BC}.Release With Modules Setup|x86.Build.0 = Release With Modules Setup|Any CPU
		{44E63956-2A12-4DA5-A077-D3AF8E5A17BC}.Release|Any CPU.ActiveCfg = Release|Any CPU
		{44E63956-2A12-4DA5-A077-D3AF8E5A17BC}.Release|Any CPU.Build.0 = Release|Any CPU
		{44E63956-2A12-4DA5-A077-D3AF8E5A17BC}.Release|x64.ActiveCfg = Release|Any CPU
		{44E63956-2A12-4DA5-A077-D3AF8E5A17BC}.Release|x64.Build.0 = Release|Any CPU
		{44E63956-2A12-4DA5-A077-D3AF8E5A17BC}.Release|x86.ActiveCfg = Release|Any CPU
		{44E63956-2A12-4DA5-A077-D3AF8E5A17BC}.Release|x86.Build.0 = Release|Any CPU
		{8CFD671A-C358-4AD3-BFC6-F784247EB6A2}.Debug With Modules Setup|Any CPU.ActiveCfg = Debug|Any CPU
		{8CFD671A-C358-4AD3-BFC6-F784247EB6A2}.Debug With Modules Setup|Any CPU.Build.0 = Debug|Any CPU
		{8CFD671A-C358-4AD3-BFC6-F784247EB6A2}.Debug With Modules Setup|x64.ActiveCfg = Debug|Any CPU
		{8CFD671A-C358-4AD3-BFC6-F784247EB6A2}.Debug With Modules Setup|x64.Build.0 = Debug|Any CPU
		{8CFD671A-C358-4AD3-BFC6-F784247EB6A2}.Debug With Modules Setup|x86.ActiveCfg = Debug|Any CPU
		{8CFD671A-C358-4AD3-BFC6-F784247EB6A2}.Debug With Modules Setup|x86.Build.0 = Debug|Any CPU
		{8CFD671A-C358-4AD3-BFC6-F784247EB6A2}.Debug|Any CPU.ActiveCfg = Debug|Any CPU
		{8CFD671A-C358-4AD3-BFC6-F784247EB6A2}.Debug|Any CPU.Build.0 = Debug|Any CPU
		{8CFD671A-C358-4AD3-BFC6-F784247EB6A2}.Debug|x64.ActiveCfg = Debug|Any CPU
		{8CFD671A-C358-4AD3-BFC6-F784247EB6A2}.Debug|x64.Build.0 = Debug|Any CPU
		{8CFD671A-C358-4AD3-BFC6-F784247EB6A2}.Debug|x86.ActiveCfg = Debug|Any CPU
		{8CFD671A-C358-4AD3-BFC6-F784247EB6A2}.Debug|x86.Build.0 = Debug|Any CPU
		{8CFD671A-C358-4AD3-BFC6-F784247EB6A2}.Release With Modules Setup|Any CPU.ActiveCfg = Release With Modules Setup|Any CPU
		{8CFD671A-C358-4AD3-BFC6-F784247EB6A2}.Release With Modules Setup|Any CPU.Build.0 = Release With Modules Setup|Any CPU
		{8CFD671A-C358-4AD3-BFC6-F784247EB6A2}.Release With Modules Setup|x64.ActiveCfg = Release With Modules Setup|Any CPU
		{8CFD671A-C358-4AD3-BFC6-F784247EB6A2}.Release With Modules Setup|x64.Build.0 = Release With Modules Setup|Any CPU
		{8CFD671A-C358-4AD3-BFC6-F784247EB6A2}.Release With Modules Setup|x86.ActiveCfg = Release With Modules Setup|Any CPU
		{8CFD671A-C358-4AD3-BFC6-F784247EB6A2}.Release With Modules Setup|x86.Build.0 = Release With Modules Setup|Any CPU
		{8CFD671A-C358-4AD3-BFC6-F784247EB6A2}.Release|Any CPU.ActiveCfg = Release|Any CPU
		{8CFD671A-C358-4AD3-BFC6-F784247EB6A2}.Release|Any CPU.Build.0 = Release|Any CPU
		{8CFD671A-C358-4AD3-BFC6-F784247EB6A2}.Release|x64.ActiveCfg = Release|Any CPU
		{8CFD671A-C358-4AD3-BFC6-F784247EB6A2}.Release|x64.Build.0 = Release|Any CPU
		{8CFD671A-C358-4AD3-BFC6-F784247EB6A2}.Release|x86.ActiveCfg = Release|Any CPU
		{8CFD671A-C358-4AD3-BFC6-F784247EB6A2}.Release|x86.Build.0 = Release|Any CPU
		{C467FC0C-F898-449F-8044-2073FC48B287}.Debug With Modules Setup|Any CPU.ActiveCfg = Debug|Any CPU
		{C467FC0C-F898-449F-8044-2073FC48B287}.Debug With Modules Setup|Any CPU.Build.0 = Debug|Any CPU
		{C467FC0C-F898-449F-8044-2073FC48B287}.Debug With Modules Setup|x64.ActiveCfg = Debug|Any CPU
		{C467FC0C-F898-449F-8044-2073FC48B287}.Debug With Modules Setup|x64.Build.0 = Debug|Any CPU
		{C467FC0C-F898-449F-8044-2073FC48B287}.Debug With Modules Setup|x86.ActiveCfg = Debug|Any CPU
		{C467FC0C-F898-449F-8044-2073FC48B287}.Debug With Modules Setup|x86.Build.0 = Debug|Any CPU
		{C467FC0C-F898-449F-8044-2073FC48B287}.Debug|Any CPU.ActiveCfg = Debug|Any CPU
		{C467FC0C-F898-449F-8044-2073FC48B287}.Debug|Any CPU.Build.0 = Debug|Any CPU
		{C467FC0C-F898-449F-8044-2073FC48B287}.Debug|x64.ActiveCfg = Debug|Any CPU
		{C467FC0C-F898-449F-8044-2073FC48B287}.Debug|x64.Build.0 = Debug|Any CPU
		{C467FC0C-F898-449F-8044-2073FC48B287}.Debug|x86.ActiveCfg = Debug|Any CPU
		{C467FC0C-F898-449F-8044-2073FC48B287}.Debug|x86.Build.0 = Debug|Any CPU
		{C467FC0C-F898-449F-8044-2073FC48B287}.Release With Modules Setup|Any CPU.ActiveCfg = Release With Modules Setup|Any CPU
		{C467FC0C-F898-449F-8044-2073FC48B287}.Release With Modules Setup|Any CPU.Build.0 = Release With Modules Setup|Any CPU
		{C467FC0C-F898-449F-8044-2073FC48B287}.Release With Modules Setup|x64.ActiveCfg = Release With Modules Setup|Any CPU
		{C467FC0C-F898-449F-8044-2073FC48B287}.Release With Modules Setup|x64.Build.0 = Release With Modules Setup|Any CPU
		{C467FC0C-F898-449F-8044-2073FC48B287}.Release With Modules Setup|x86.ActiveCfg = Release With Modules Setup|Any CPU
		{C467FC0C-F898-449F-8044-2073FC48B287}.Release With Modules Setup|x86.Build.0 = Release With Modules Setup|Any CPU
		{C467FC0C-F898-449F-8044-2073FC48B287}.Release|Any CPU.ActiveCfg = Release|Any CPU
		{C467FC0C-F898-449F-8044-2073FC48B287}.Release|Any CPU.Build.0 = Release|Any CPU
		{C467FC0C-F898-449F-8044-2073FC48B287}.Release|x64.ActiveCfg = Release|Any CPU
		{C467FC0C-F898-449F-8044-2073FC48B287}.Release|x64.Build.0 = Release|Any CPU
		{C467FC0C-F898-449F-8044-2073FC48B287}.Release|x86.ActiveCfg = Release|Any CPU
		{C467FC0C-F898-449F-8044-2073FC48B287}.Release|x86.Build.0 = Release|Any CPU
		{E096BBCF-98D0-4029-84F3-F547C879EC8F}.Debug With Modules Setup|Any CPU.ActiveCfg = Debug|Any CPU
		{E096BBCF-98D0-4029-84F3-F547C879EC8F}.Debug With Modules Setup|Any CPU.Build.0 = Debug|Any CPU
		{E096BBCF-98D0-4029-84F3-F547C879EC8F}.Debug With Modules Setup|x64.ActiveCfg = Debug|Any CPU
		{E096BBCF-98D0-4029-84F3-F547C879EC8F}.Debug With Modules Setup|x64.Build.0 = Debug|Any CPU
		{E096BBCF-98D0-4029-84F3-F547C879EC8F}.Debug With Modules Setup|x86.ActiveCfg = Debug|Any CPU
		{E096BBCF-98D0-4029-84F3-F547C879EC8F}.Debug With Modules Setup|x86.Build.0 = Debug|Any CPU
		{E096BBCF-98D0-4029-84F3-F547C879EC8F}.Debug|Any CPU.ActiveCfg = Debug|Any CPU
		{E096BBCF-98D0-4029-84F3-F547C879EC8F}.Debug|Any CPU.Build.0 = Debug|Any CPU
		{E096BBCF-98D0-4029-84F3-F547C879EC8F}.Debug|x64.ActiveCfg = Debug|Any CPU
		{E096BBCF-98D0-4029-84F3-F547C879EC8F}.Debug|x64.Build.0 = Debug|Any CPU
		{E096BBCF-98D0-4029-84F3-F547C879EC8F}.Debug|x86.ActiveCfg = Debug|Any CPU
		{E096BBCF-98D0-4029-84F3-F547C879EC8F}.Debug|x86.Build.0 = Debug|Any CPU
		{E096BBCF-98D0-4029-84F3-F547C879EC8F}.Release With Modules Setup|Any CPU.ActiveCfg = Release With Modules Setup|Any CPU
		{E096BBCF-98D0-4029-84F3-F547C879EC8F}.Release With Modules Setup|Any CPU.Build.0 = Release With Modules Setup|Any CPU
		{E096BBCF-98D0-4029-84F3-F547C879EC8F}.Release With Modules Setup|x64.ActiveCfg = Release With Modules Setup|Any CPU
		{E096BBCF-98D0-4029-84F3-F547C879EC8F}.Release With Modules Setup|x64.Build.0 = Release With Modules Setup|Any CPU
		{E096BBCF-98D0-4029-84F3-F547C879EC8F}.Release With Modules Setup|x86.ActiveCfg = Release With Modules Setup|Any CPU
		{E096BBCF-98D0-4029-84F3-F547C879EC8F}.Release With Modules Setup|x86.Build.0 = Release With Modules Setup|Any CPU
		{E096BBCF-98D0-4029-84F3-F547C879EC8F}.Release|Any CPU.ActiveCfg = Release|Any CPU
		{E096BBCF-98D0-4029-84F3-F547C879EC8F}.Release|Any CPU.Build.0 = Release|Any CPU
		{E096BBCF-98D0-4029-84F3-F547C879EC8F}.Release|x64.ActiveCfg = Release|Any CPU
		{E096BBCF-98D0-4029-84F3-F547C879EC8F}.Release|x64.Build.0 = Release|Any CPU
		{E096BBCF-98D0-4029-84F3-F547C879EC8F}.Release|x86.ActiveCfg = Release|Any CPU
		{E096BBCF-98D0-4029-84F3-F547C879EC8F}.Release|x86.Build.0 = Release|Any CPU
		{57006510-154A-4C5F-870C-2031A5F10214}.Debug With Modules Setup|Any CPU.ActiveCfg = Debug|Any CPU
		{57006510-154A-4C5F-870C-2031A5F10214}.Debug With Modules Setup|Any CPU.Build.0 = Debug|Any CPU
		{57006510-154A-4C5F-870C-2031A5F10214}.Debug With Modules Setup|x64.ActiveCfg = Debug|Any CPU
		{57006510-154A-4C5F-870C-2031A5F10214}.Debug With Modules Setup|x64.Build.0 = Debug|Any CPU
		{57006510-154A-4C5F-870C-2031A5F10214}.Debug With Modules Setup|x86.ActiveCfg = Debug|Any CPU
		{57006510-154A-4C5F-870C-2031A5F10214}.Debug With Modules Setup|x86.Build.0 = Debug|Any CPU
		{57006510-154A-4C5F-870C-2031A5F10214}.Debug|Any CPU.ActiveCfg = Debug|Any CPU
		{57006510-154A-4C5F-870C-2031A5F10214}.Debug|Any CPU.Build.0 = Debug|Any CPU
		{57006510-154A-4C5F-870C-2031A5F10214}.Debug|x64.ActiveCfg = Debug|Any CPU
		{57006510-154A-4C5F-870C-2031A5F10214}.Debug|x64.Build.0 = Debug|Any CPU
		{57006510-154A-4C5F-870C-2031A5F10214}.Debug|x86.ActiveCfg = Debug|Any CPU
		{57006510-154A-4C5F-870C-2031A5F10214}.Debug|x86.Build.0 = Debug|Any CPU
		{57006510-154A-4C5F-870C-2031A5F10214}.Release With Modules Setup|Any CPU.ActiveCfg = Release With Modules Setup|Any CPU
		{57006510-154A-4C5F-870C-2031A5F10214}.Release With Modules Setup|Any CPU.Build.0 = Release With Modules Setup|Any CPU
		{57006510-154A-4C5F-870C-2031A5F10214}.Release With Modules Setup|x64.ActiveCfg = Release With Modules Setup|Any CPU
		{57006510-154A-4C5F-870C-2031A5F10214}.Release With Modules Setup|x64.Build.0 = Release With Modules Setup|Any CPU
		{57006510-154A-4C5F-870C-2031A5F10214}.Release With Modules Setup|x86.ActiveCfg = Release With Modules Setup|Any CPU
		{57006510-154A-4C5F-870C-2031A5F10214}.Release With Modules Setup|x86.Build.0 = Release With Modules Setup|Any CPU
		{57006510-154A-4C5F-870C-2031A5F10214}.Release|Any CPU.ActiveCfg = Release|Any CPU
		{57006510-154A-4C5F-870C-2031A5F10214}.Release|Any CPU.Build.0 = Release|Any CPU
		{57006510-154A-4C5F-870C-2031A5F10214}.Release|x64.ActiveCfg = Release|Any CPU
		{57006510-154A-4C5F-870C-2031A5F10214}.Release|x64.Build.0 = Release|Any CPU
		{57006510-154A-4C5F-870C-2031A5F10214}.Release|x86.ActiveCfg = Release|Any CPU
		{57006510-154A-4C5F-870C-2031A5F10214}.Release|x86.Build.0 = Release|Any CPU
		{87DB2468-CE75-4735-AB1F-C54E3F4C2260}.Debug With Modules Setup|Any CPU.ActiveCfg = Debug|Any CPU
		{87DB2468-CE75-4735-AB1F-C54E3F4C2260}.Debug With Modules Setup|Any CPU.Build.0 = Debug|Any CPU
		{87DB2468-CE75-4735-AB1F-C54E3F4C2260}.Debug With Modules Setup|x64.ActiveCfg = Debug|Any CPU
		{87DB2468-CE75-4735-AB1F-C54E3F4C2260}.Debug With Modules Setup|x64.Build.0 = Debug|Any CPU
		{87DB2468-CE75-4735-AB1F-C54E3F4C2260}.Debug With Modules Setup|x86.ActiveCfg = Debug|Any CPU
		{87DB2468-CE75-4735-AB1F-C54E3F4C2260}.Debug With Modules Setup|x86.Build.0 = Debug|Any CPU
		{87DB2468-CE75-4735-AB1F-C54E3F4C2260}.Debug|Any CPU.ActiveCfg = Debug|Any CPU
		{87DB2468-CE75-4735-AB1F-C54E3F4C2260}.Debug|Any CPU.Build.0 = Debug|Any CPU
		{87DB2468-CE75-4735-AB1F-C54E3F4C2260}.Debug|x64.ActiveCfg = Debug|Any CPU
		{87DB2468-CE75-4735-AB1F-C54E3F4C2260}.Debug|x64.Build.0 = Debug|Any CPU
		{87DB2468-CE75-4735-AB1F-C54E3F4C2260}.Debug|x86.ActiveCfg = Debug|Any CPU
		{87DB2468-CE75-4735-AB1F-C54E3F4C2260}.Debug|x86.Build.0 = Debug|Any CPU
		{87DB2468-CE75-4735-AB1F-C54E3F4C2260}.Release With Modules Setup|Any CPU.ActiveCfg = Release With Modules Setup|Any CPU
		{87DB2468-CE75-4735-AB1F-C54E3F4C2260}.Release With Modules Setup|Any CPU.Build.0 = Release With Modules Setup|Any CPU
		{87DB2468-CE75-4735-AB1F-C54E3F4C2260}.Release With Modules Setup|x64.ActiveCfg = Release With Modules Setup|Any CPU
		{87DB2468-CE75-4735-AB1F-C54E3F4C2260}.Release With Modules Setup|x64.Build.0 = Release With Modules Setup|Any CPU
		{87DB2468-CE75-4735-AB1F-C54E3F4C2260}.Release With Modules Setup|x86.ActiveCfg = Release With Modules Setup|Any CPU
		{87DB2468-CE75-4735-AB1F-C54E3F4C2260}.Release With Modules Setup|x86.Build.0 = Release With Modules Setup|Any CPU
		{87DB2468-CE75-4735-AB1F-C54E3F4C2260}.Release|Any CPU.ActiveCfg = Release|Any CPU
		{87DB2468-CE75-4735-AB1F-C54E3F4C2260}.Release|Any CPU.Build.0 = Release|Any CPU
		{87DB2468-CE75-4735-AB1F-C54E3F4C2260}.Release|x64.ActiveCfg = Release|Any CPU
		{87DB2468-CE75-4735-AB1F-C54E3F4C2260}.Release|x64.Build.0 = Release|Any CPU
		{87DB2468-CE75-4735-AB1F-C54E3F4C2260}.Release|x86.ActiveCfg = Release|Any CPU
		{87DB2468-CE75-4735-AB1F-C54E3F4C2260}.Release|x86.Build.0 = Release|Any CPU
		{2EE0A7DB-5C00-4145-9964-160633FD8892}.Debug With Modules Setup|Any CPU.ActiveCfg = Debug|Any CPU
		{2EE0A7DB-5C00-4145-9964-160633FD8892}.Debug With Modules Setup|Any CPU.Build.0 = Debug|Any CPU
		{2EE0A7DB-5C00-4145-9964-160633FD8892}.Debug With Modules Setup|x64.ActiveCfg = Debug|Any CPU
		{2EE0A7DB-5C00-4145-9964-160633FD8892}.Debug With Modules Setup|x64.Build.0 = Debug|Any CPU
		{2EE0A7DB-5C00-4145-9964-160633FD8892}.Debug With Modules Setup|x86.ActiveCfg = Debug|Any CPU
		{2EE0A7DB-5C00-4145-9964-160633FD8892}.Debug With Modules Setup|x86.Build.0 = Debug|Any CPU
		{2EE0A7DB-5C00-4145-9964-160633FD8892}.Debug|Any CPU.ActiveCfg = Debug|Any CPU
		{2EE0A7DB-5C00-4145-9964-160633FD8892}.Debug|Any CPU.Build.0 = Debug|Any CPU
		{2EE0A7DB-5C00-4145-9964-160633FD8892}.Debug|x64.ActiveCfg = Debug|Any CPU
		{2EE0A7DB-5C00-4145-9964-160633FD8892}.Debug|x64.Build.0 = Debug|Any CPU
		{2EE0A7DB-5C00-4145-9964-160633FD8892}.Debug|x86.ActiveCfg = Debug|Any CPU
		{2EE0A7DB-5C00-4145-9964-160633FD8892}.Debug|x86.Build.0 = Debug|Any CPU
		{2EE0A7DB-5C00-4145-9964-160633FD8892}.Release With Modules Setup|Any CPU.ActiveCfg = Release With Modules Setup|Any CPU
		{2EE0A7DB-5C00-4145-9964-160633FD8892}.Release With Modules Setup|Any CPU.Build.0 = Release With Modules Setup|Any CPU
		{2EE0A7DB-5C00-4145-9964-160633FD8892}.Release With Modules Setup|x64.ActiveCfg = Release With Modules Setup|Any CPU
		{2EE0A7DB-5C00-4145-9964-160633FD8892}.Release With Modules Setup|x64.Build.0 = Release With Modules Setup|Any CPU
		{2EE0A7DB-5C00-4145-9964-160633FD8892}.Release With Modules Setup|x86.ActiveCfg = Release With Modules Setup|Any CPU
		{2EE0A7DB-5C00-4145-9964-160633FD8892}.Release With Modules Setup|x86.Build.0 = Release With Modules Setup|Any CPU
		{2EE0A7DB-5C00-4145-9964-160633FD8892}.Release|Any CPU.ActiveCfg = Release|Any CPU
		{2EE0A7DB-5C00-4145-9964-160633FD8892}.Release|Any CPU.Build.0 = Release|Any CPU
		{2EE0A7DB-5C00-4145-9964-160633FD8892}.Release|x64.ActiveCfg = Release|Any CPU
		{2EE0A7DB-5C00-4145-9964-160633FD8892}.Release|x64.Build.0 = Release|Any CPU
		{2EE0A7DB-5C00-4145-9964-160633FD8892}.Release|x86.ActiveCfg = Release|Any CPU
		{2EE0A7DB-5C00-4145-9964-160633FD8892}.Release|x86.Build.0 = Release|Any CPU
		{596C4274-58D8-4B25-AEC7-D3569CBD0635}.Debug With Modules Setup|Any CPU.ActiveCfg = Debug|Any CPU
		{596C4274-58D8-4B25-AEC7-D3569CBD0635}.Debug With Modules Setup|Any CPU.Build.0 = Debug|Any CPU
		{596C4274-58D8-4B25-AEC7-D3569CBD0635}.Debug With Modules Setup|x64.ActiveCfg = Debug|Any CPU
		{596C4274-58D8-4B25-AEC7-D3569CBD0635}.Debug With Modules Setup|x64.Build.0 = Debug|Any CPU
		{596C4274-58D8-4B25-AEC7-D3569CBD0635}.Debug With Modules Setup|x86.ActiveCfg = Debug|Any CPU
		{596C4274-58D8-4B25-AEC7-D3569CBD0635}.Debug With Modules Setup|x86.Build.0 = Debug|Any CPU
		{596C4274-58D8-4B25-AEC7-D3569CBD0635}.Debug|Any CPU.ActiveCfg = Debug|Any CPU
		{596C4274-58D8-4B25-AEC7-D3569CBD0635}.Debug|Any CPU.Build.0 = Debug|Any CPU
		{596C4274-58D8-4B25-AEC7-D3569CBD0635}.Debug|x64.ActiveCfg = Debug|Any CPU
		{596C4274-58D8-4B25-AEC7-D3569CBD0635}.Debug|x64.Build.0 = Debug|Any CPU
		{596C4274-58D8-4B25-AEC7-D3569CBD0635}.Debug|x86.ActiveCfg = Debug|Any CPU
		{596C4274-58D8-4B25-AEC7-D3569CBD0635}.Debug|x86.Build.0 = Debug|Any CPU
		{596C4274-58D8-4B25-AEC7-D3569CBD0635}.Release With Modules Setup|Any CPU.ActiveCfg = Release With Modules Setup|Any CPU
		{596C4274-58D8-4B25-AEC7-D3569CBD0635}.Release With Modules Setup|Any CPU.Build.0 = Release With Modules Setup|Any CPU
		{596C4274-58D8-4B25-AEC7-D3569CBD0635}.Release With Modules Setup|x64.ActiveCfg = Release With Modules Setup|Any CPU
		{596C4274-58D8-4B25-AEC7-D3569CBD0635}.Release With Modules Setup|x64.Build.0 = Release With Modules Setup|Any CPU
		{596C4274-58D8-4B25-AEC7-D3569CBD0635}.Release With Modules Setup|x86.ActiveCfg = Release With Modules Setup|Any CPU
		{596C4274-58D8-4B25-AEC7-D3569CBD0635}.Release With Modules Setup|x86.Build.0 = Release With Modules Setup|Any CPU
		{596C4274-58D8-4B25-AEC7-D3569CBD0635}.Release|Any CPU.ActiveCfg = Release|Any CPU
		{596C4274-58D8-4B25-AEC7-D3569CBD0635}.Release|Any CPU.Build.0 = Release|Any CPU
		{596C4274-58D8-4B25-AEC7-D3569CBD0635}.Release|x64.ActiveCfg = Release|Any CPU
		{596C4274-58D8-4B25-AEC7-D3569CBD0635}.Release|x64.Build.0 = Release|Any CPU
		{596C4274-58D8-4B25-AEC7-D3569CBD0635}.Release|x86.ActiveCfg = Release|Any CPU
		{596C4274-58D8-4B25-AEC7-D3569CBD0635}.Release|x86.Build.0 = Release|Any CPU
		{6FBD5F47-3A85-450B-A9A1-B36065FB5C9D}.Debug With Modules Setup|Any CPU.ActiveCfg = Debug|Any CPU
		{6FBD5F47-3A85-450B-A9A1-B36065FB5C9D}.Debug With Modules Setup|Any CPU.Build.0 = Debug|Any CPU
		{6FBD5F47-3A85-450B-A9A1-B36065FB5C9D}.Debug With Modules Setup|x64.ActiveCfg = Debug|Any CPU
		{6FBD5F47-3A85-450B-A9A1-B36065FB5C9D}.Debug With Modules Setup|x64.Build.0 = Debug|Any CPU
		{6FBD5F47-3A85-450B-A9A1-B36065FB5C9D}.Debug With Modules Setup|x86.ActiveCfg = Debug|Any CPU
		{6FBD5F47-3A85-450B-A9A1-B36065FB5C9D}.Debug With Modules Setup|x86.Build.0 = Debug|Any CPU
		{6FBD5F47-3A85-450B-A9A1-B36065FB5C9D}.Debug|Any CPU.ActiveCfg = Debug|Any CPU
		{6FBD5F47-3A85-450B-A9A1-B36065FB5C9D}.Debug|Any CPU.Build.0 = Debug|Any CPU
		{6FBD5F47-3A85-450B-A9A1-B36065FB5C9D}.Debug|x64.ActiveCfg = Debug|Any CPU
		{6FBD5F47-3A85-450B-A9A1-B36065FB5C9D}.Debug|x64.Build.0 = Debug|Any CPU
		{6FBD5F47-3A85-450B-A9A1-B36065FB5C9D}.Debug|x86.ActiveCfg = Debug|Any CPU
		{6FBD5F47-3A85-450B-A9A1-B36065FB5C9D}.Debug|x86.Build.0 = Debug|Any CPU
		{6FBD5F47-3A85-450B-A9A1-B36065FB5C9D}.Release With Modules Setup|Any CPU.ActiveCfg = Release With Modules Setup|Any CPU
		{6FBD5F47-3A85-450B-A9A1-B36065FB5C9D}.Release With Modules Setup|Any CPU.Build.0 = Release With Modules Setup|Any CPU
		{6FBD5F47-3A85-450B-A9A1-B36065FB5C9D}.Release With Modules Setup|x64.ActiveCfg = Release With Modules Setup|Any CPU
		{6FBD5F47-3A85-450B-A9A1-B36065FB5C9D}.Release With Modules Setup|x64.Build.0 = Release With Modules Setup|Any CPU
		{6FBD5F47-3A85-450B-A9A1-B36065FB5C9D}.Release With Modules Setup|x86.ActiveCfg = Release With Modules Setup|Any CPU
		{6FBD5F47-3A85-450B-A9A1-B36065FB5C9D}.Release With Modules Setup|x86.Build.0 = Release With Modules Setup|Any CPU
		{6FBD5F47-3A85-450B-A9A1-B36065FB5C9D}.Release|Any CPU.ActiveCfg = Release|Any CPU
		{6FBD5F47-3A85-450B-A9A1-B36065FB5C9D}.Release|Any CPU.Build.0 = Release|Any CPU
		{6FBD5F47-3A85-450B-A9A1-B36065FB5C9D}.Release|x64.ActiveCfg = Release|Any CPU
		{6FBD5F47-3A85-450B-A9A1-B36065FB5C9D}.Release|x64.Build.0 = Release|Any CPU
		{6FBD5F47-3A85-450B-A9A1-B36065FB5C9D}.Release|x86.ActiveCfg = Release|Any CPU
		{6FBD5F47-3A85-450B-A9A1-B36065FB5C9D}.Release|x86.Build.0 = Release|Any CPU
		{E7BA4B81-95BE-435D-A872-5C75BD9A4E9F}.Debug With Modules Setup|Any CPU.ActiveCfg = Debug|Any CPU
		{E7BA4B81-95BE-435D-A872-5C75BD9A4E9F}.Debug With Modules Setup|Any CPU.Build.0 = Debug|Any CPU
		{E7BA4B81-95BE-435D-A872-5C75BD9A4E9F}.Debug With Modules Setup|x64.ActiveCfg = Debug|Any CPU
		{E7BA4B81-95BE-435D-A872-5C75BD9A4E9F}.Debug With Modules Setup|x64.Build.0 = Debug|Any CPU
		{E7BA4B81-95BE-435D-A872-5C75BD9A4E9F}.Debug With Modules Setup|x86.ActiveCfg = Debug|Any CPU
		{E7BA4B81-95BE-435D-A872-5C75BD9A4E9F}.Debug With Modules Setup|x86.Build.0 = Debug|Any CPU
		{E7BA4B81-95BE-435D-A872-5C75BD9A4E9F}.Debug|Any CPU.ActiveCfg = Debug|Any CPU
		{E7BA4B81-95BE-435D-A872-5C75BD9A4E9F}.Debug|Any CPU.Build.0 = Debug|Any CPU
		{E7BA4B81-95BE-435D-A872-5C75BD9A4E9F}.Debug|x64.ActiveCfg = Debug|Any CPU
		{E7BA4B81-95BE-435D-A872-5C75BD9A4E9F}.Debug|x64.Build.0 = Debug|Any CPU
		{E7BA4B81-95BE-435D-A872-5C75BD9A4E9F}.Debug|x86.ActiveCfg = Debug|Any CPU
		{E7BA4B81-95BE-435D-A872-5C75BD9A4E9F}.Debug|x86.Build.0 = Debug|Any CPU
		{E7BA4B81-95BE-435D-A872-5C75BD9A4E9F}.Release With Modules Setup|Any CPU.ActiveCfg = Release With Modules Setup|Any CPU
		{E7BA4B81-95BE-435D-A872-5C75BD9A4E9F}.Release With Modules Setup|Any CPU.Build.0 = Release With Modules Setup|Any CPU
		{E7BA4B81-95BE-435D-A872-5C75BD9A4E9F}.Release With Modules Setup|x64.ActiveCfg = Release With Modules Setup|Any CPU
		{E7BA4B81-95BE-435D-A872-5C75BD9A4E9F}.Release With Modules Setup|x64.Build.0 = Release With Modules Setup|Any CPU
		{E7BA4B81-95BE-435D-A872-5C75BD9A4E9F}.Release With Modules Setup|x86.ActiveCfg = Release With Modules Setup|Any CPU
		{E7BA4B81-95BE-435D-A872-5C75BD9A4E9F}.Release With Modules Setup|x86.Build.0 = Release With Modules Setup|Any CPU
		{E7BA4B81-95BE-435D-A872-5C75BD9A4E9F}.Release|Any CPU.ActiveCfg = Release|Any CPU
		{E7BA4B81-95BE-435D-A872-5C75BD9A4E9F}.Release|Any CPU.Build.0 = Release|Any CPU
		{E7BA4B81-95BE-435D-A872-5C75BD9A4E9F}.Release|x64.ActiveCfg = Release|Any CPU
		{E7BA4B81-95BE-435D-A872-5C75BD9A4E9F}.Release|x64.Build.0 = Release|Any CPU
		{E7BA4B81-95BE-435D-A872-5C75BD9A4E9F}.Release|x86.ActiveCfg = Release|Any CPU
		{E7BA4B81-95BE-435D-A872-5C75BD9A4E9F}.Release|x86.Build.0 = Release|Any CPU
		{B0C5FBE6-BEE7-4F67-8667-12E65F342FD3}.Debug With Modules Setup|Any CPU.ActiveCfg = Debug With Modules Setup|Any CPU
		{B0C5FBE6-BEE7-4F67-8667-12E65F342FD3}.Debug With Modules Setup|Any CPU.Build.0 = Debug With Modules Setup|Any CPU
		{B0C5FBE6-BEE7-4F67-8667-12E65F342FD3}.Debug With Modules Setup|x64.ActiveCfg = Debug With Modules Setup|x64
		{B0C5FBE6-BEE7-4F67-8667-12E65F342FD3}.Debug With Modules Setup|x64.Build.0 = Debug With Modules Setup|x64
		{B0C5FBE6-BEE7-4F67-8667-12E65F342FD3}.Debug With Modules Setup|x86.ActiveCfg = Debug|Any CPU
		{B0C5FBE6-BEE7-4F67-8667-12E65F342FD3}.Debug With Modules Setup|x86.Build.0 = Debug|Any CPU
		{B0C5FBE6-BEE7-4F67-8667-12E65F342FD3}.Debug|Any CPU.ActiveCfg = Debug|Any CPU
		{B0C5FBE6-BEE7-4F67-8667-12E65F342FD3}.Debug|Any CPU.Build.0 = Debug|Any CPU
		{B0C5FBE6-BEE7-4F67-8667-12E65F342FD3}.Debug|x64.ActiveCfg = Debug|Any CPU
		{B0C5FBE6-BEE7-4F67-8667-12E65F342FD3}.Debug|x64.Build.0 = Debug|Any CPU
		{B0C5FBE6-BEE7-4F67-8667-12E65F342FD3}.Debug|x86.ActiveCfg = Debug|Any CPU
		{B0C5FBE6-BEE7-4F67-8667-12E65F342FD3}.Debug|x86.Build.0 = Debug|Any CPU
		{B0C5FBE6-BEE7-4F67-8667-12E65F342FD3}.Release With Modules Setup|Any CPU.ActiveCfg = Release With Modules Setup|Any CPU
		{B0C5FBE6-BEE7-4F67-8667-12E65F342FD3}.Release With Modules Setup|Any CPU.Build.0 = Release With Modules Setup|Any CPU
		{B0C5FBE6-BEE7-4F67-8667-12E65F342FD3}.Release With Modules Setup|x64.ActiveCfg = Release With Modules Setup|x64
		{B0C5FBE6-BEE7-4F67-8667-12E65F342FD3}.Release With Modules Setup|x64.Build.0 = Release With Modules Setup|x64
		{B0C5FBE6-BEE7-4F67-8667-12E65F342FD3}.Release With Modules Setup|x86.ActiveCfg = Release With Modules Setup|Any CPU
		{B0C5FBE6-BEE7-4F67-8667-12E65F342FD3}.Release With Modules Setup|x86.Build.0 = Release With Modules Setup|Any CPU
		{B0C5FBE6-BEE7-4F67-8667-12E65F342FD3}.Release|Any CPU.ActiveCfg = Release|Any CPU
		{B0C5FBE6-BEE7-4F67-8667-12E65F342FD3}.Release|Any CPU.Build.0 = Release|Any CPU
		{B0C5FBE6-BEE7-4F67-8667-12E65F342FD3}.Release|x64.ActiveCfg = Release|Any CPU
		{B0C5FBE6-BEE7-4F67-8667-12E65F342FD3}.Release|x64.Build.0 = Release|Any CPU
		{B0C5FBE6-BEE7-4F67-8667-12E65F342FD3}.Release|x86.ActiveCfg = Release|Any CPU
		{B0C5FBE6-BEE7-4F67-8667-12E65F342FD3}.Release|x86.Build.0 = Release|Any CPU
		{811F9883-02EE-4986-BAE3-73B70495C85C}.Debug With Modules Setup|Any CPU.ActiveCfg = Debug With Modules Setup|Any CPU
		{811F9883-02EE-4986-BAE3-73B70495C85C}.Debug With Modules Setup|Any CPU.Build.0 = Debug With Modules Setup|Any CPU
		{811F9883-02EE-4986-BAE3-73B70495C85C}.Debug With Modules Setup|x64.ActiveCfg = Debug With Modules Setup|x64
		{811F9883-02EE-4986-BAE3-73B70495C85C}.Debug With Modules Setup|x64.Build.0 = Debug With Modules Setup|x64
		{811F9883-02EE-4986-BAE3-73B70495C85C}.Debug With Modules Setup|x86.ActiveCfg = Debug|Any CPU
		{811F9883-02EE-4986-BAE3-73B70495C85C}.Debug With Modules Setup|x86.Build.0 = Debug|Any CPU
		{811F9883-02EE-4986-BAE3-73B70495C85C}.Debug|Any CPU.ActiveCfg = Debug|Any CPU
		{811F9883-02EE-4986-BAE3-73B70495C85C}.Debug|Any CPU.Build.0 = Debug|Any CPU
		{811F9883-02EE-4986-BAE3-73B70495C85C}.Debug|x64.ActiveCfg = Debug|Any CPU
		{811F9883-02EE-4986-BAE3-73B70495C85C}.Debug|x64.Build.0 = Debug|Any CPU
		{811F9883-02EE-4986-BAE3-73B70495C85C}.Debug|x86.ActiveCfg = Debug|Any CPU
		{811F9883-02EE-4986-BAE3-73B70495C85C}.Debug|x86.Build.0 = Debug|Any CPU
		{811F9883-02EE-4986-BAE3-73B70495C85C}.Release With Modules Setup|Any CPU.ActiveCfg = Release With Modules Setup|Any CPU
		{811F9883-02EE-4986-BAE3-73B70495C85C}.Release With Modules Setup|Any CPU.Build.0 = Release With Modules Setup|Any CPU
		{811F9883-02EE-4986-BAE3-73B70495C85C}.Release With Modules Setup|x64.ActiveCfg = Release With Modules Setup|x64
		{811F9883-02EE-4986-BAE3-73B70495C85C}.Release With Modules Setup|x64.Build.0 = Release With Modules Setup|x64
		{811F9883-02EE-4986-BAE3-73B70495C85C}.Release With Modules Setup|x86.ActiveCfg = Release With Modules Setup|x86
		{811F9883-02EE-4986-BAE3-73B70495C85C}.Release With Modules Setup|x86.Build.0 = Release With Modules Setup|x86
		{811F9883-02EE-4986-BAE3-73B70495C85C}.Release|Any CPU.ActiveCfg = Release|Any CPU
		{811F9883-02EE-4986-BAE3-73B70495C85C}.Release|Any CPU.Build.0 = Release|Any CPU
		{811F9883-02EE-4986-BAE3-73B70495C85C}.Release|x64.ActiveCfg = Release|Any CPU
		{811F9883-02EE-4986-BAE3-73B70495C85C}.Release|x64.Build.0 = Release|Any CPU
		{811F9883-02EE-4986-BAE3-73B70495C85C}.Release|x86.ActiveCfg = Release|Any CPU
		{811F9883-02EE-4986-BAE3-73B70495C85C}.Release|x86.Build.0 = Release|Any CPU
		{8AAC67D2-59C9-40A9-801D-7B30441024C3}.Debug With Modules Setup|Any CPU.ActiveCfg = Debug With Modules Setup|Any CPU
		{8AAC67D2-59C9-40A9-801D-7B30441024C3}.Debug With Modules Setup|Any CPU.Build.0 = Debug With Modules Setup|Any CPU
		{8AAC67D2-59C9-40A9-801D-7B30441024C3}.Debug With Modules Setup|x64.ActiveCfg = Debug With Modules Setup|x64
		{8AAC67D2-59C9-40A9-801D-7B30441024C3}.Debug With Modules Setup|x64.Build.0 = Debug With Modules Setup|x64
		{8AAC67D2-59C9-40A9-801D-7B30441024C3}.Debug With Modules Setup|x86.ActiveCfg = Debug|Any CPU
		{8AAC67D2-59C9-40A9-801D-7B30441024C3}.Debug With Modules Setup|x86.Build.0 = Debug|Any CPU
		{8AAC67D2-59C9-40A9-801D-7B30441024C3}.Debug|Any CPU.ActiveCfg = Debug|Any CPU
		{8AAC67D2-59C9-40A9-801D-7B30441024C3}.Debug|Any CPU.Build.0 = Debug|Any CPU
		{8AAC67D2-59C9-40A9-801D-7B30441024C3}.Debug|x64.ActiveCfg = Debug|Any CPU
		{8AAC67D2-59C9-40A9-801D-7B30441024C3}.Debug|x64.Build.0 = Debug|Any CPU
		{8AAC67D2-59C9-40A9-801D-7B30441024C3}.Debug|x86.ActiveCfg = Debug|Any CPU
		{8AAC67D2-59C9-40A9-801D-7B30441024C3}.Debug|x86.Build.0 = Debug|Any CPU
		{8AAC67D2-59C9-40A9-801D-7B30441024C3}.Release With Modules Setup|Any CPU.ActiveCfg = Release With Modules Setup|Any CPU
		{8AAC67D2-59C9-40A9-801D-7B30441024C3}.Release With Modules Setup|Any CPU.Build.0 = Release With Modules Setup|Any CPU
		{8AAC67D2-59C9-40A9-801D-7B30441024C3}.Release With Modules Setup|x64.ActiveCfg = Release With Modules Setup|x64
		{8AAC67D2-59C9-40A9-801D-7B30441024C3}.Release With Modules Setup|x64.Build.0 = Release With Modules Setup|x64
		{8AAC67D2-59C9-40A9-801D-7B30441024C3}.Release With Modules Setup|x86.ActiveCfg = Release With Modules Setup|x86
		{8AAC67D2-59C9-40A9-801D-7B30441024C3}.Release With Modules Setup|x86.Build.0 = Release With Modules Setup|x86
		{8AAC67D2-59C9-40A9-801D-7B30441024C3}.Release|Any CPU.ActiveCfg = Release|Any CPU
		{8AAC67D2-59C9-40A9-801D-7B30441024C3}.Release|Any CPU.Build.0 = Release|Any CPU
		{8AAC67D2-59C9-40A9-801D-7B30441024C3}.Release|x64.ActiveCfg = Release|Any CPU
		{8AAC67D2-59C9-40A9-801D-7B30441024C3}.Release|x64.Build.0 = Release|Any CPU
		{8AAC67D2-59C9-40A9-801D-7B30441024C3}.Release|x86.ActiveCfg = Release|Any CPU
		{8AAC67D2-59C9-40A9-801D-7B30441024C3}.Release|x86.Build.0 = Release|Any CPU
		{A91A6563-22C0-49D8-B71A-BB34B342204F}.Debug With Modules Setup|Any CPU.ActiveCfg = Debug With Modules Setup|Any CPU
		{A91A6563-22C0-49D8-B71A-BB34B342204F}.Debug With Modules Setup|Any CPU.Build.0 = Debug With Modules Setup|Any CPU
		{A91A6563-22C0-49D8-B71A-BB34B342204F}.Debug With Modules Setup|x64.ActiveCfg = Debug With Modules Setup|x64
		{A91A6563-22C0-49D8-B71A-BB34B342204F}.Debug With Modules Setup|x64.Build.0 = Debug With Modules Setup|x64
		{A91A6563-22C0-49D8-B71A-BB34B342204F}.Debug With Modules Setup|x86.ActiveCfg = Debug With Modules Setup|x86
		{A91A6563-22C0-49D8-B71A-BB34B342204F}.Debug With Modules Setup|x86.Build.0 = Debug With Modules Setup|x86
		{A91A6563-22C0-49D8-B71A-BB34B342204F}.Debug|Any CPU.ActiveCfg = Debug|Any CPU
		{A91A6563-22C0-49D8-B71A-BB34B342204F}.Debug|Any CPU.Build.0 = Debug|Any CPU
		{A91A6563-22C0-49D8-B71A-BB34B342204F}.Debug|x64.ActiveCfg = Debug|x64
		{A91A6563-22C0-49D8-B71A-BB34B342204F}.Debug|x64.Build.0 = Debug|x64
		{A91A6563-22C0-49D8-B71A-BB34B342204F}.Debug|x86.ActiveCfg = Debug|x86
		{A91A6563-22C0-49D8-B71A-BB34B342204F}.Debug|x86.Build.0 = Debug|x86
		{A91A6563-22C0-49D8-B71A-BB34B342204F}.Release With Modules Setup|Any CPU.ActiveCfg = Release With Modules Setup|Any CPU
		{A91A6563-22C0-49D8-B71A-BB34B342204F}.Release With Modules Setup|Any CPU.Build.0 = Release With Modules Setup|Any CPU
		{A91A6563-22C0-49D8-B71A-BB34B342204F}.Release With Modules Setup|x64.ActiveCfg = Release With Modules Setup|x64
		{A91A6563-22C0-49D8-B71A-BB34B342204F}.Release With Modules Setup|x64.Build.0 = Release With Modules Setup|x64
		{A91A6563-22C0-49D8-B71A-BB34B342204F}.Release With Modules Setup|x86.ActiveCfg = Release With Modules Setup|x86
		{A91A6563-22C0-49D8-B71A-BB34B342204F}.Release With Modules Setup|x86.Build.0 = Release With Modules Setup|x86
		{A91A6563-22C0-49D8-B71A-BB34B342204F}.Release|Any CPU.ActiveCfg = Release|Any CPU
		{A91A6563-22C0-49D8-B71A-BB34B342204F}.Release|Any CPU.Build.0 = Release|Any CPU
		{A91A6563-22C0-49D8-B71A-BB34B342204F}.Release|x64.ActiveCfg = Release|x64
		{A91A6563-22C0-49D8-B71A-BB34B342204F}.Release|x64.Build.0 = Release|x64
		{A91A6563-22C0-49D8-B71A-BB34B342204F}.Release|x86.ActiveCfg = Release|x86
		{A91A6563-22C0-49D8-B71A-BB34B342204F}.Release|x86.Build.0 = Release|x86
		{26BF48ED-2FD8-4C59-8FC8-317F83F7186B}.Debug With Modules Setup|Any CPU.ActiveCfg = Debug With Modules Setup|Any CPU
		{26BF48ED-2FD8-4C59-8FC8-317F83F7186B}.Debug With Modules Setup|Any CPU.Build.0 = Debug With Modules Setup|Any CPU
		{26BF48ED-2FD8-4C59-8FC8-317F83F7186B}.Debug With Modules Setup|x64.ActiveCfg = Debug With Modules Setup|x64
		{26BF48ED-2FD8-4C59-8FC8-317F83F7186B}.Debug With Modules Setup|x64.Build.0 = Debug With Modules Setup|x64
		{26BF48ED-2FD8-4C59-8FC8-317F83F7186B}.Debug With Modules Setup|x86.ActiveCfg = Debug With Modules Setup|x86
		{26BF48ED-2FD8-4C59-8FC8-317F83F7186B}.Debug With Modules Setup|x86.Build.0 = Debug With Modules Setup|x86
		{26BF48ED-2FD8-4C59-8FC8-317F83F7186B}.Debug|Any CPU.ActiveCfg = Debug|Any CPU
		{26BF48ED-2FD8-4C59-8FC8-317F83F7186B}.Debug|Any CPU.Build.0 = Debug|Any CPU
		{26BF48ED-2FD8-4C59-8FC8-317F83F7186B}.Debug|x64.ActiveCfg = Debug|x64
		{26BF48ED-2FD8-4C59-8FC8-317F83F7186B}.Debug|x64.Build.0 = Debug|x64
		{26BF48ED-2FD8-4C59-8FC8-317F83F7186B}.Debug|x86.ActiveCfg = Debug|x86
		{26BF48ED-2FD8-4C59-8FC8-317F83F7186B}.Debug|x86.Build.0 = Debug|x86
		{26BF48ED-2FD8-4C59-8FC8-317F83F7186B}.Release With Modules Setup|Any CPU.ActiveCfg = Release With Modules Setup|Any CPU
		{26BF48ED-2FD8-4C59-8FC8-317F83F7186B}.Release With Modules Setup|Any CPU.Build.0 = Release With Modules Setup|Any CPU
		{26BF48ED-2FD8-4C59-8FC8-317F83F7186B}.Release With Modules Setup|x64.ActiveCfg = Release With Modules Setup|x64
		{26BF48ED-2FD8-4C59-8FC8-317F83F7186B}.Release With Modules Setup|x64.Build.0 = Release With Modules Setup|x64
		{26BF48ED-2FD8-4C59-8FC8-317F83F7186B}.Release With Modules Setup|x86.ActiveCfg = Release With Modules Setup|x86
		{26BF48ED-2FD8-4C59-8FC8-317F83F7186B}.Release With Modules Setup|x86.Build.0 = Release With Modules Setup|x86
		{26BF48ED-2FD8-4C59-8FC8-317F83F7186B}.Release|Any CPU.ActiveCfg = Release|Any CPU
		{26BF48ED-2FD8-4C59-8FC8-317F83F7186B}.Release|Any CPU.Build.0 = Release|Any CPU
		{26BF48ED-2FD8-4C59-8FC8-317F83F7186B}.Release|x64.ActiveCfg = Release|x64
		{26BF48ED-2FD8-4C59-8FC8-317F83F7186B}.Release|x64.Build.0 = Release|x64
		{26BF48ED-2FD8-4C59-8FC8-317F83F7186B}.Release|x86.ActiveCfg = Release|x86
		{26BF48ED-2FD8-4C59-8FC8-317F83F7186B}.Release|x86.Build.0 = Release|x86
		{17263A12-FD7C-43C8-94C8-C9AB4A1BA5DA}.Debug With Modules Setup|Any CPU.ActiveCfg = Debug With Modules Setup|Any CPU
		{17263A12-FD7C-43C8-94C8-C9AB4A1BA5DA}.Debug With Modules Setup|Any CPU.Build.0 = Debug With Modules Setup|Any CPU
		{17263A12-FD7C-43C8-94C8-C9AB4A1BA5DA}.Debug With Modules Setup|x64.ActiveCfg = Debug With Modules Setup|x64
		{17263A12-FD7C-43C8-94C8-C9AB4A1BA5DA}.Debug With Modules Setup|x64.Build.0 = Debug With Modules Setup|x64
		{17263A12-FD7C-43C8-94C8-C9AB4A1BA5DA}.Debug With Modules Setup|x86.ActiveCfg = Debug With Modules Setup|x86
		{17263A12-FD7C-43C8-94C8-C9AB4A1BA5DA}.Debug With Modules Setup|x86.Build.0 = Debug With Modules Setup|x86
		{17263A12-FD7C-43C8-94C8-C9AB4A1BA5DA}.Debug|Any CPU.ActiveCfg = Debug|Any CPU
		{17263A12-FD7C-43C8-94C8-C9AB4A1BA5DA}.Debug|Any CPU.Build.0 = Debug|Any CPU
		{17263A12-FD7C-43C8-94C8-C9AB4A1BA5DA}.Debug|x64.ActiveCfg = Debug|x64
		{17263A12-FD7C-43C8-94C8-C9AB4A1BA5DA}.Debug|x64.Build.0 = Debug|x64
		{17263A12-FD7C-43C8-94C8-C9AB4A1BA5DA}.Debug|x86.ActiveCfg = Debug|x86
		{17263A12-FD7C-43C8-94C8-C9AB4A1BA5DA}.Debug|x86.Build.0 = Debug|x86
		{17263A12-FD7C-43C8-94C8-C9AB4A1BA5DA}.Release With Modules Setup|Any CPU.ActiveCfg = Release With Modules Setup|Any CPU
		{17263A12-FD7C-43C8-94C8-C9AB4A1BA5DA}.Release With Modules Setup|Any CPU.Build.0 = Release With Modules Setup|Any CPU
		{17263A12-FD7C-43C8-94C8-C9AB4A1BA5DA}.Release With Modules Setup|x64.ActiveCfg = Release With Modules Setup|x64
		{17263A12-FD7C-43C8-94C8-C9AB4A1BA5DA}.Release With Modules Setup|x64.Build.0 = Release With Modules Setup|x64
		{17263A12-FD7C-43C8-94C8-C9AB4A1BA5DA}.Release With Modules Setup|x86.ActiveCfg = Release With Modules Setup|x86
		{17263A12-FD7C-43C8-94C8-C9AB4A1BA5DA}.Release With Modules Setup|x86.Build.0 = Release With Modules Setup|x86
		{17263A12-FD7C-43C8-94C8-C9AB4A1BA5DA}.Release|Any CPU.ActiveCfg = Release|Any CPU
		{17263A12-FD7C-43C8-94C8-C9AB4A1BA5DA}.Release|Any CPU.Build.0 = Release|Any CPU
		{17263A12-FD7C-43C8-94C8-C9AB4A1BA5DA}.Release|x64.ActiveCfg = Release|x64
		{17263A12-FD7C-43C8-94C8-C9AB4A1BA5DA}.Release|x64.Build.0 = Release|x64
		{17263A12-FD7C-43C8-94C8-C9AB4A1BA5DA}.Release|x86.ActiveCfg = Release|x86
		{17263A12-FD7C-43C8-94C8-C9AB4A1BA5DA}.Release|x86.Build.0 = Release|x86
		{33A26C65-5717-4CE7-9E10-6990488CCFA9}.Debug With Modules Setup|Any CPU.ActiveCfg = Debug With Modules Setup|Any CPU
		{33A26C65-5717-4CE7-9E10-6990488CCFA9}.Debug With Modules Setup|Any CPU.Build.0 = Debug With Modules Setup|Any CPU
		{33A26C65-5717-4CE7-9E10-6990488CCFA9}.Debug With Modules Setup|x64.ActiveCfg = Debug With Modules Setup|x64
		{33A26C65-5717-4CE7-9E10-6990488CCFA9}.Debug With Modules Setup|x64.Build.0 = Debug With Modules Setup|x64
		{33A26C65-5717-4CE7-9E10-6990488CCFA9}.Debug With Modules Setup|x86.ActiveCfg = Debug With Modules Setup|x86
		{33A26C65-5717-4CE7-9E10-6990488CCFA9}.Debug With Modules Setup|x86.Build.0 = Debug With Modules Setup|x86
		{33A26C65-5717-4CE7-9E10-6990488CCFA9}.Debug|Any CPU.ActiveCfg = Debug|Any CPU
		{33A26C65-5717-4CE7-9E10-6990488CCFA9}.Debug|Any CPU.Build.0 = Debug|Any CPU
		{33A26C65-5717-4CE7-9E10-6990488CCFA9}.Debug|x64.ActiveCfg = Debug|x64
		{33A26C65-5717-4CE7-9E10-6990488CCFA9}.Debug|x64.Build.0 = Debug|x64
		{33A26C65-5717-4CE7-9E10-6990488CCFA9}.Debug|x86.ActiveCfg = Debug|x86
		{33A26C65-5717-4CE7-9E10-6990488CCFA9}.Debug|x86.Build.0 = Debug|x86
		{33A26C65-5717-4CE7-9E10-6990488CCFA9}.Release With Modules Setup|Any CPU.ActiveCfg = Release With Modules Setup|Any CPU
		{33A26C65-5717-4CE7-9E10-6990488CCFA9}.Release With Modules Setup|Any CPU.Build.0 = Release With Modules Setup|Any CPU
		{33A26C65-5717-4CE7-9E10-6990488CCFA9}.Release With Modules Setup|x64.ActiveCfg = Release With Modules Setup|x64
		{33A26C65-5717-4CE7-9E10-6990488CCFA9}.Release With Modules Setup|x64.Build.0 = Release With Modules Setup|x64
		{33A26C65-5717-4CE7-9E10-6990488CCFA9}.Release With Modules Setup|x86.ActiveCfg = Release With Modules Setup|x86
		{33A26C65-5717-4CE7-9E10-6990488CCFA9}.Release With Modules Setup|x86.Build.0 = Release With Modules Setup|x86
		{33A26C65-5717-4CE7-9E10-6990488CCFA9}.Release|Any CPU.ActiveCfg = Release|Any CPU
		{33A26C65-5717-4CE7-9E10-6990488CCFA9}.Release|Any CPU.Build.0 = Release|Any CPU
		{33A26C65-5717-4CE7-9E10-6990488CCFA9}.Release|x64.ActiveCfg = Release|x64
		{33A26C65-5717-4CE7-9E10-6990488CCFA9}.Release|x64.Build.0 = Release|x64
		{33A26C65-5717-4CE7-9E10-6990488CCFA9}.Release|x86.ActiveCfg = Release|x86
		{33A26C65-5717-4CE7-9E10-6990488CCFA9}.Release|x86.Build.0 = Release|x86
		{F67AC32C-A184-47BE-B2BC-DB21CEC21621}.Debug With Modules Setup|Any CPU.ActiveCfg = Debug With Modules Setup|Any CPU
		{F67AC32C-A184-47BE-B2BC-DB21CEC21621}.Debug With Modules Setup|Any CPU.Build.0 = Debug With Modules Setup|Any CPU
		{F67AC32C-A184-47BE-B2BC-DB21CEC21621}.Debug With Modules Setup|x64.ActiveCfg = Debug With Modules Setup|x64
		{F67AC32C-A184-47BE-B2BC-DB21CEC21621}.Debug With Modules Setup|x64.Build.0 = Debug With Modules Setup|x64
		{F67AC32C-A184-47BE-B2BC-DB21CEC21621}.Debug With Modules Setup|x86.ActiveCfg = Debug With Modules Setup|x86
		{F67AC32C-A184-47BE-B2BC-DB21CEC21621}.Debug With Modules Setup|x86.Build.0 = Debug With Modules Setup|x86
		{F67AC32C-A184-47BE-B2BC-DB21CEC21621}.Debug|Any CPU.ActiveCfg = Debug|Any CPU
		{F67AC32C-A184-47BE-B2BC-DB21CEC21621}.Debug|Any CPU.Build.0 = Debug|Any CPU
		{F67AC32C-A184-47BE-B2BC-DB21CEC21621}.Debug|x64.ActiveCfg = Debug|x64
		{F67AC32C-A184-47BE-B2BC-DB21CEC21621}.Debug|x64.Build.0 = Debug|x64
		{F67AC32C-A184-47BE-B2BC-DB21CEC21621}.Debug|x86.ActiveCfg = Debug|x86
		{F67AC32C-A184-47BE-B2BC-DB21CEC21621}.Debug|x86.Build.0 = Debug|x86
		{F67AC32C-A184-47BE-B2BC-DB21CEC21621}.Release With Modules Setup|Any CPU.ActiveCfg = Release With Modules Setup|Any CPU
		{F67AC32C-A184-47BE-B2BC-DB21CEC21621}.Release With Modules Setup|Any CPU.Build.0 = Release With Modules Setup|Any CPU
		{F67AC32C-A184-47BE-B2BC-DB21CEC21621}.Release With Modules Setup|x64.ActiveCfg = Release With Modules Setup|x64
		{F67AC32C-A184-47BE-B2BC-DB21CEC21621}.Release With Modules Setup|x64.Build.0 = Release With Modules Setup|x64
		{F67AC32C-A184-47BE-B2BC-DB21CEC21621}.Release With Modules Setup|x86.ActiveCfg = Release With Modules Setup|x86
		{F67AC32C-A184-47BE-B2BC-DB21CEC21621}.Release With Modules Setup|x86.Build.0 = Release With Modules Setup|x86
		{F67AC32C-A184-47BE-B2BC-DB21CEC21621}.Release|Any CPU.ActiveCfg = Release|Any CPU
		{F67AC32C-A184-47BE-B2BC-DB21CEC21621}.Release|Any CPU.Build.0 = Release|Any CPU
		{F67AC32C-A184-47BE-B2BC-DB21CEC21621}.Release|x64.ActiveCfg = Release|x64
		{F67AC32C-A184-47BE-B2BC-DB21CEC21621}.Release|x64.Build.0 = Release|x64
		{F67AC32C-A184-47BE-B2BC-DB21CEC21621}.Release|x86.ActiveCfg = Release|x86
		{F67AC32C-A184-47BE-B2BC-DB21CEC21621}.Release|x86.Build.0 = Release|x86
		{E2149212-E169-47DD-878D-9A3C67B5A3AB}.Debug With Modules Setup|Any CPU.ActiveCfg = Debug With Modules Setup|Any CPU
		{E2149212-E169-47DD-878D-9A3C67B5A3AB}.Debug With Modules Setup|Any CPU.Build.0 = Debug With Modules Setup|Any CPU
		{E2149212-E169-47DD-878D-9A3C67B5A3AB}.Debug With Modules Setup|x64.ActiveCfg = Debug With Modules Setup|x64
		{E2149212-E169-47DD-878D-9A3C67B5A3AB}.Debug With Modules Setup|x64.Build.0 = Debug With Modules Setup|x64
		{E2149212-E169-47DD-878D-9A3C67B5A3AB}.Debug With Modules Setup|x86.ActiveCfg = Debug With Modules Setup|x86
		{E2149212-E169-47DD-878D-9A3C67B5A3AB}.Debug With Modules Setup|x86.Build.0 = Debug With Modules Setup|x86
		{E2149212-E169-47DD-878D-9A3C67B5A3AB}.Debug|Any CPU.ActiveCfg = Debug|Any CPU
		{E2149212-E169-47DD-878D-9A3C67B5A3AB}.Debug|Any CPU.Build.0 = Debug|Any CPU
		{E2149212-E169-47DD-878D-9A3C67B5A3AB}.Debug|x64.ActiveCfg = Debug|x64
		{E2149212-E169-47DD-878D-9A3C67B5A3AB}.Debug|x64.Build.0 = Debug|x64
		{E2149212-E169-47DD-878D-9A3C67B5A3AB}.Debug|x86.ActiveCfg = Debug|x86
		{E2149212-E169-47DD-878D-9A3C67B5A3AB}.Debug|x86.Build.0 = Debug|x86
		{E2149212-E169-47DD-878D-9A3C67B5A3AB}.Release With Modules Setup|Any CPU.ActiveCfg = Release With Modules Setup|Any CPU
		{E2149212-E169-47DD-878D-9A3C67B5A3AB}.Release With Modules Setup|Any CPU.Build.0 = Release With Modules Setup|Any CPU
		{E2149212-E169-47DD-878D-9A3C67B5A3AB}.Release With Modules Setup|x64.ActiveCfg = Release With Modules Setup|x64
		{E2149212-E169-47DD-878D-9A3C67B5A3AB}.Release With Modules Setup|x64.Build.0 = Release With Modules Setup|x64
		{E2149212-E169-47DD-878D-9A3C67B5A3AB}.Release With Modules Setup|x86.ActiveCfg = Release With Modules Setup|x86
		{E2149212-E169-47DD-878D-9A3C67B5A3AB}.Release With Modules Setup|x86.Build.0 = Release With Modules Setup|x86
		{E2149212-E169-47DD-878D-9A3C67B5A3AB}.Release|Any CPU.ActiveCfg = Release|Any CPU
		{E2149212-E169-47DD-878D-9A3C67B5A3AB}.Release|Any CPU.Build.0 = Release|Any CPU
		{E2149212-E169-47DD-878D-9A3C67B5A3AB}.Release|x64.ActiveCfg = Release|x64
		{E2149212-E169-47DD-878D-9A3C67B5A3AB}.Release|x64.Build.0 = Release|x64
		{E2149212-E169-47DD-878D-9A3C67B5A3AB}.Release|x86.ActiveCfg = Release|x86
		{E2149212-E169-47DD-878D-9A3C67B5A3AB}.Release|x86.Build.0 = Release|x86
		{D21FBAF4-40EA-48C3-844E-2A4974993304}.Debug With Modules Setup|Any CPU.ActiveCfg = Debug|Any CPU
		{D21FBAF4-40EA-48C3-844E-2A4974993304}.Debug With Modules Setup|Any CPU.Build.0 = Debug|Any CPU
		{D21FBAF4-40EA-48C3-844E-2A4974993304}.Debug With Modules Setup|x64.ActiveCfg = Debug|Any CPU
		{D21FBAF4-40EA-48C3-844E-2A4974993304}.Debug With Modules Setup|x64.Build.0 = Debug|Any CPU
		{D21FBAF4-40EA-48C3-844E-2A4974993304}.Debug With Modules Setup|x86.ActiveCfg = Debug|Any CPU
		{D21FBAF4-40EA-48C3-844E-2A4974993304}.Debug With Modules Setup|x86.Build.0 = Debug|Any CPU
		{D21FBAF4-40EA-48C3-844E-2A4974993304}.Debug|Any CPU.ActiveCfg = Debug|Any CPU
		{D21FBAF4-40EA-48C3-844E-2A4974993304}.Debug|Any CPU.Build.0 = Debug|Any CPU
		{D21FBAF4-40EA-48C3-844E-2A4974993304}.Debug|x64.ActiveCfg = Debug|Any CPU
		{D21FBAF4-40EA-48C3-844E-2A4974993304}.Debug|x64.Build.0 = Debug|Any CPU
		{D21FBAF4-40EA-48C3-844E-2A4974993304}.Debug|x86.ActiveCfg = Debug|Any CPU
		{D21FBAF4-40EA-48C3-844E-2A4974993304}.Debug|x86.Build.0 = Debug|Any CPU
		{D21FBAF4-40EA-48C3-844E-2A4974993304}.Release With Modules Setup|Any CPU.ActiveCfg = Debug|Any CPU
		{D21FBAF4-40EA-48C3-844E-2A4974993304}.Release With Modules Setup|Any CPU.Build.0 = Debug|Any CPU
		{D21FBAF4-40EA-48C3-844E-2A4974993304}.Release With Modules Setup|x86.ActiveCfg = Debug|Any CPU
		{D21FBAF4-40EA-48C3-844E-2A4974993304}.Release With Modules Setup|x86.Build.0 = Debug|Any CPU
		{D21FBAF4-40EA-48C3-844E-2A4974993304}.Release|Any CPU.ActiveCfg = Release|Any CPU
		{D21FBAF4-40EA-48C3-844E-2A4974993304}.Release|Any CPU.Build.0 = Release|Any CPU
		{D21FBAF4-40EA-48C3-844E-2A4974993304}.Release|x64.ActiveCfg = Release|Any CPU
		{D21FBAF4-40EA-48C3-844E-2A4974993304}.Release|x64.Build.0 = Release|Any CPU
		{D21FBAF4-40EA-48C3-844E-2A4974993304}.Release|x86.ActiveCfg = Release|Any CPU
		{D21FBAF4-40EA-48C3-844E-2A4974993304}.Release|x86.Build.0 = Release|Any CPU
		{D21FBAF4-40EA-48C3-844E-2A4974993304}.Release With Modules Setup|x64.ActiveCfg = Release With Modules Setup|x64
		{D21FBAF4-40EA-48C3-844E-2A4974993304}.Release With Modules Setup|x64.Build.0 = Release With Modules Setup|x64
	EndGlobalSection
	GlobalSection(SolutionProperties) = preSolution
		HideSolutionNode = FALSE
	EndGlobalSection
	GlobalSection(NestedProjects) = preSolution
		{1DB141C1-2F42-4406-B6A9-B480E7341A7A} = {6F2AE0B1-9C7D-4B2E-ADEC-E858052CD406}
		{673CF773-5404-4C22-B5FE-EA4B3A97B1A6} = {6F2AE0B1-9C7D-4B2E-ADEC-E858052CD406}
		{9740214C-2C4F-4608-B31A-350F794CC763} = {6F2AE0B1-9C7D-4B2E-ADEC-E858052CD406}
		{6F43CE40-292C-453C-9A9E-7FFEB7D8B969} = {6F2AE0B1-9C7D-4B2E-ADEC-E858052CD406}
		{821A3162-8C9B-4FAE-B1E4-AC1F62468B5C} = {6F2AE0B1-9C7D-4B2E-ADEC-E858052CD406}
		{44E63956-2A12-4DA5-A077-D3AF8E5A17BC} = {6E5F9DD2-83BD-4231-B86F-FE85214E0F30}
		{B9E73B85-FC70-491D-AE3F-75D488D92425} = {6E5F9DD2-83BD-4231-B86F-FE85214E0F30}
		{8CFD671A-C358-4AD3-BFC6-F784247EB6A2} = {6E5F9DD2-83BD-4231-B86F-FE85214E0F30}
		{C467FC0C-F898-449F-8044-2073FC48B287} = {B9E73B85-FC70-491D-AE3F-75D488D92425}
		{E096BBCF-98D0-4029-84F3-F547C879EC8F} = {B9E73B85-FC70-491D-AE3F-75D488D92425}
		{57006510-154A-4C5F-870C-2031A5F10214} = {B9E73B85-FC70-491D-AE3F-75D488D92425}
		{87DB2468-CE75-4735-AB1F-C54E3F4C2260} = {B9E73B85-FC70-491D-AE3F-75D488D92425}
		{2EE0A7DB-5C00-4145-9964-160633FD8892} = {B9E73B85-FC70-491D-AE3F-75D488D92425}
		{596C4274-58D8-4B25-AEC7-D3569CBD0635} = {B9E73B85-FC70-491D-AE3F-75D488D92425}
		{6FBD5F47-3A85-450B-A9A1-B36065FB5C9D} = {B9E73B85-FC70-491D-AE3F-75D488D92425}
		{E7BA4B81-95BE-435D-A872-5C75BD9A4E9F} = {B9E73B85-FC70-491D-AE3F-75D488D92425}
		{B0C5FBE6-BEE7-4F67-8667-12E65F342FD3} = {30AF5CF4-9DEC-4D16-9CA9-F26E40412BC8}
		{A91A6563-22C0-49D8-B71A-BB34B342204F} = {6F2AE0B1-9C7D-4B2E-ADEC-E858052CD406}
		{26BF48ED-2FD8-4C59-8FC8-317F83F7186B} = {6F2AE0B1-9C7D-4B2E-ADEC-E858052CD406}
		{6F2AE0B1-9C7D-4B2E-ADEC-E858052CD406} = {AEEB9C92-8CF9-4DC4-84EC-D226FF477F64}
		{30AF5CF4-9DEC-4D16-9CA9-F26E40412BC8} = {AEEB9C92-8CF9-4DC4-84EC-D226FF477F64}
		{0BF64F07-DF01-47E2-AB0E-2DB0404422EF} = {AEEB9C92-8CF9-4DC4-84EC-D226FF477F64}
		{8AAC67D2-59C9-40A9-801D-7B30441024C3} = {0BF64F07-DF01-47E2-AB0E-2DB0404422EF}
		{33A26C65-5717-4CE7-9E10-6990488CCFA9} = {0BF64F07-DF01-47E2-AB0E-2DB0404422EF}
		{8F44BD35-EFBA-4D24-8A4D-1779B927978B} = {AEEB9C92-8CF9-4DC4-84EC-D226FF477F64}
		{C3D906E0-4CF2-4DA3-8970-0F95D0CA2A7F} = {8F44BD35-EFBA-4D24-8A4D-1779B927978B}
		{24FAC640-6218-49E2-AAD8-24AFDE4D1B23} = {8F44BD35-EFBA-4D24-8A4D-1779B927978B}
		{17263A12-FD7C-43C8-94C8-C9AB4A1BA5DA} = {8F44BD35-EFBA-4D24-8A4D-1779B927978B}
		{A1696D37-C974-49CA-B486-3736254443AD} = {8F44BD35-EFBA-4D24-8A4D-1779B927978B}
		{6F5C1735-69F0-476E-AF8A-F54A3C8CDECC} = {8F44BD35-EFBA-4D24-8A4D-1779B927978B}
		{F48FE8E9-BB03-44C5-82CF-240EA2723FCC} = {8F44BD35-EFBA-4D24-8A4D-1779B927978B}
		{40CCD215-8B0F-43EA-A5BE-4D0F6B5897E0} = {8F44BD35-EFBA-4D24-8A4D-1779B927978B}
		{E2149212-E169-47DD-878D-9A3C67B5A3AB} = {8F44BD35-EFBA-4D24-8A4D-1779B927978B}
		{49D0F24C-F8C7-4D47-B1BE-FAB890354B68} = {8F44BD35-EFBA-4D24-8A4D-1779B927978B}
		{57CDC538-88CF-4533-BA9D-BE41E5004050} = {AEEB9C92-8CF9-4DC4-84EC-D226FF477F64}
		{D21FBAF4-40EA-48C3-844E-2A4974993304} = {AEEB9C92-8CF9-4DC4-84EC-D226FF477F64}
		{F67AC32C-A184-47BE-B2BC-DB21CEC21621} = {AEEB9C92-8CF9-4DC4-84EC-D226FF477F64}
	EndGlobalSection
	GlobalSection(ExtensibilityGlobals) = postSolution
		SolutionGuid = {448C7179-E7AE-4470-97E2-A32117E7168A}
	EndGlobalSection
EndGlobal
